// !$*UTF8*$!
{
	archiveVersion = 1;
	classes = {
	};
	objectVersion = 56;
	objects = {

/* Begin PBXBuildFile section */
		E6061B4B296D45C00040AE36 /* StarbucksSampleAppApp.swift in Sources */ = {isa = PBXBuildFile; fileRef = E6061B4A296D45C00040AE36 /* StarbucksSampleAppApp.swift */; };
		E6061B4F296D45C10040AE36 /* Assets.xcassets in Resources */ = {isa = PBXBuildFile; fileRef = E6061B4E296D45C10040AE36 /* Assets.xcassets */; };
		E6061B52296D45C10040AE36 /* Preview Assets.xcassets in Resources */ = {isa = PBXBuildFile; fileRef = E6061B51296D45C10040AE36 /* Preview Assets.xcassets */; };
		E6061B5A296D47330040AE36 /* MainTabView.swift in Sources */ = {isa = PBXBuildFile; fileRef = E6061B59296D47330040AE36 /* MainTabView.swift */; };
		E6061B5C296D49CE0040AE36 /* Tab.swift in Sources */ = {isa = PBXBuildFile; fileRef = E6061B5B296D49CE0040AE36 /* Tab.swift */; };
		E6061B61296D50060040AE36 /* HomeView.swift in Sources */ = {isa = PBXBuildFile; fileRef = E6061B60296D50060040AE36 /* HomeView.swift */; };
		E6061B63296D50240040AE36 /* MenuSuggestionSectionView.swift in Sources */ = {isa = PBXBuildFile; fileRef = E6061B62296D50240040AE36 /* MenuSuggestionSectionView.swift */; };
		E6061B65296D502C0040AE36 /* EventsSectionView.swift in Sources */ = {isa = PBXBuildFile; fileRef = E6061B64296D502C0040AE36 /* EventsSectionView.swift */; };
		E6061B68296D50C20040AE36 /* CoffeeMenu.swift in Sources */ = {isa = PBXBuildFile; fileRef = E6061B67296D50C20040AE36 /* CoffeeMenu.swift */; };
		E6061B6A296D53A70040AE36 /* Events.swift in Sources */ = {isa = PBXBuildFile; fileRef = E6061B69296D53A70040AE36 /* Events.swift */; };
		E6061B6C296D562C0040AE36 /* HomeHeaderView.swift in Sources */ = {isa = PBXBuildFile; fileRef = E6061B6B296D562C0040AE36 /* HomeHeaderView.swift */; };
		E6061B6E296D58840040AE36 /* User.swift in Sources */ = {isa = PBXBuildFile; fileRef = E6061B6D296D58840040AE36 /* User.swift */; };
		E6061B70296D5BC70040AE36 /* OtherView.swift in Sources */ = {isa = PBXBuildFile; fileRef = E6061B6F296D5BC70040AE36 /* OtherView.swift */; };
		E6061B72296D5BD30040AE36 /* SettingMenu.swift in Sources */ = {isa = PBXBuildFile; fileRef = E6061B71296D5BD30040AE36 /* SettingMenu.swift */; };
		E6061B74296D5BDD0040AE36 /* SettingView.swift in Sources */ = {isa = PBXBuildFile; fileRef = E6061B73296D5BDD0040AE36 /* SettingView.swift */; };
		E6061B76296D63F30040AE36 /* HomeViewModel.swift in Sources */ = {isa = PBXBuildFile; fileRef = E6061B75296D63F30040AE36 /* HomeViewModel.swift */; };
/* End PBXBuildFile section */

/* Begin PBXFileReference section */
		E6061B47296D45C00040AE36 /* StarbucksSampleApp.app */ = {isa = PBXFileReference; explicitFileType = wrapper.application; includeInIndex = 0; path = StarbucksSampleApp.app; sourceTree = BUILT_PRODUCTS_DIR; };
		E6061B4A296D45C00040AE36 /* StarbucksSampleAppApp.swift */ = {isa = PBXFileReference; lastKnownFileType = sourcecode.swift; path = StarbucksSampleAppApp.swift; sourceTree = "<group>"; };
		E6061B4E296D45C10040AE36 /* Assets.xcassets */ = {isa = PBXFileReference; lastKnownFileType = folder.assetcatalog; path = Assets.xcassets; sourceTree = "<group>"; };
		E6061B51296D45C10040AE36 /* Preview Assets.xcassets */ = {isa = PBXFileReference; lastKnownFileType = folder.assetcatalog; path = "Preview Assets.xcassets"; sourceTree = "<group>"; };
		E6061B59296D47330040AE36 /* MainTabView.swift */ = {isa = PBXFileReference; lastKnownFileType = sourcecode.swift; path = MainTabView.swift; sourceTree = "<group>"; };
		E6061B5B296D49CE0040AE36 /* Tab.swift */ = {isa = PBXFileReference; lastKnownFileType = sourcecode.swift; path = Tab.swift; sourceTree = "<group>"; };
		E6061B60296D50060040AE36 /* HomeView.swift */ = {isa = PBXFileReference; lastKnownFileType = sourcecode.swift; path = HomeView.swift; sourceTree = "<group>"; };
		E6061B62296D50240040AE36 /* MenuSuggestionSectionView.swift */ = {isa = PBXFileReference; lastKnownFileType = sourcecode.swift; path = MenuSuggestionSectionView.swift; sourceTree = "<group>"; };
		E6061B64296D502C0040AE36 /* EventsSectionView.swift */ = {isa = PBXFileReference; lastKnownFileType = sourcecode.swift; path = EventsSectionView.swift; sourceTree = "<group>"; };
		E6061B67296D50C20040AE36 /* CoffeeMenu.swift */ = {isa = PBXFileReference; lastKnownFileType = sourcecode.swift; path = CoffeeMenu.swift; sourceTree = "<group>"; };
		E6061B69296D53A70040AE36 /* Events.swift */ = {isa = PBXFileReference; lastKnownFileType = sourcecode.swift; path = Events.swift; sourceTree = "<group>"; };
		E6061B6B296D562C0040AE36 /* HomeHeaderView.swift */ = {isa = PBXFileReference; lastKnownFileType = sourcecode.swift; path = HomeHeaderView.swift; sourceTree = "<group>"; };
		E6061B6D296D58840040AE36 /* User.swift */ = {isa = PBXFileReference; lastKnownFileType = sourcecode.swift; path = User.swift; sourceTree = "<group>"; };
		E6061B6F296D5BC70040AE36 /* OtherView.swift */ = {isa = PBXFileReference; lastKnownFileType = sourcecode.swift; path = OtherView.swift; sourceTree = "<group>"; };
		E6061B71296D5BD30040AE36 /* SettingMenu.swift */ = {isa = PBXFileReference; lastKnownFileType = sourcecode.swift; path = SettingMenu.swift; sourceTree = "<group>"; };
		E6061B73296D5BDD0040AE36 /* SettingView.swift */ = {isa = PBXFileReference; lastKnownFileType = sourcecode.swift; path = SettingView.swift; sourceTree = "<group>"; };
		E6061B75296D63F30040AE36 /* HomeViewModel.swift */ = {isa = PBXFileReference; lastKnownFileType = sourcecode.swift; path = HomeViewModel.swift; sourceTree = "<group>"; };
/* End PBXFileReference section */

/* Begin PBXFrameworksBuildPhase section */
		E6061B44296D45C00040AE36 /* Frameworks */ = {
			isa = PBXFrameworksBuildPhase;
			buildActionMask = 2147483647;
			files = (
			);
			runOnlyForDeploymentPostprocessing = 0;
		};
/* End PBXFrameworksBuildPhase section */

/* Begin PBXGroup section */
		E6061B3E296D45C00040AE36 = {
			isa = PBXGroup;
			children = (
				E6061B49296D45C00040AE36 /* StarbucksSampleApp */,
				E6061B48296D45C00040AE36 /* Products */,
			);
			sourceTree = "<group>";
		};
		E6061B48296D45C00040AE36 /* Products */ = {
			isa = PBXGroup;
			children = (
				E6061B47296D45C00040AE36 /* StarbucksSampleApp.app */,
			);
			name = Products;
			sourceTree = "<group>";
		};
		E6061B49296D45C00040AE36 /* StarbucksSampleApp */ = {
			isa = PBXGroup;
			children = (
				E6061B4A296D45C00040AE36 /* StarbucksSampleAppApp.swift */,
				E6061B4E296D45C10040AE36 /* Assets.xcassets */,
				E6061B50296D45C10040AE36 /* Preview Content */,
				E6061B66296D50940040AE36 /* Entities */,
				E6061B58296D46F90040AE36 /* Scenes */,
			);
			path = StarbucksSampleApp;
			sourceTree = "<group>";
		};
		E6061B50296D45C10040AE36 /* Preview Content */ = {
			isa = PBXGroup;
			children = (
				E6061B51296D45C10040AE36 /* Preview Assets.xcassets */,
			);
			path = "Preview Content";
			sourceTree = "<group>";
		};
		E6061B58296D46F90040AE36 /* Scenes */ = {
			isa = PBXGroup;
			children = (
				E6061B5D296D4AE40040AE36 /* Tab */,
				E6061B5E296D4AEC0040AE36 /* Home */,
				E6061B5F296D4AF60040AE36 /* Other */,
			);
			name = Scenes;
			sourceTree = "<group>";
		};
		E6061B5D296D4AE40040AE36 /* Tab */ = {
			isa = PBXGroup;
			children = (
				E6061B59296D47330040AE36 /* MainTabView.swift */,
				E6061B5B296D49CE0040AE36 /* Tab.swift */,
			);
			name = Tab;
			sourceTree = "<group>";
		};
		E6061B5E296D4AEC0040AE36 /* Home */ = {
			isa = PBXGroup;
			children = (
				E6061B60296D50060040AE36 /* HomeView.swift */,
				E6061B6B296D562C0040AE36 /* HomeHeaderView.swift */,
				E6061B62296D50240040AE36 /* MenuSuggestionSectionView.swift */,
				E6061B64296D502C0040AE36 /* EventsSectionView.swift */,
				E6061B75296D63F30040AE36 /* HomeViewModel.swift */,
			);
			name = Home;
			sourceTree = "<group>";
		};
		E6061B5F296D4AF60040AE36 /* Other */ = {
			isa = PBXGroup;
			children = (
				E6061B6F296D5BC70040AE36 /* OtherView.swift */,
				E6061B71296D5BD30040AE36 /* SettingMenu.swift */,
				E6061B73296D5BDD0040AE36 /* SettingView.swift */,
			);
			name = Other;
			sourceTree = "<group>";
		};
		E6061B66296D50940040AE36 /* Entities */ = {
			isa = PBXGroup;
			children = (
				E6061B67296D50C20040AE36 /* CoffeeMenu.swift */,
				E6061B69296D53A70040AE36 /* Events.swift */,
				E6061B6D296D58840040AE36 /* User.swift */,
			);
			path = Entities;
			sourceTree = "<group>";
		};
/* End PBXGroup section */

/* Begin PBXNativeTarget section */
		E6061B46296D45C00040AE36 /* StarbucksSampleApp */ = {
			isa = PBXNativeTarget;
			buildConfigurationList = E6061B55296D45C10040AE36 /* Build configuration list for PBXNativeTarget "StarbucksSampleApp" */;
			buildPhases = (
				E6061B43296D45C00040AE36 /* Sources */,
				E6061B44296D45C00040AE36 /* Frameworks */,
				E6061B45296D45C00040AE36 /* Resources */,
			);
			buildRules = (
			);
			dependencies = (
			);
			name = StarbucksSampleApp;
			productName = StarbucksSampleApp;
			productReference = E6061B47296D45C00040AE36 /* StarbucksSampleApp.app */;
			productType = "com.apple.product-type.application";
		};
/* End PBXNativeTarget section */

/* Begin PBXProject section */
		E6061B3F296D45C00040AE36 /* Project object */ = {
			isa = PBXProject;
			attributes = {
				BuildIndependentTargetsInParallel = 1;
				LastSwiftUpdateCheck = 1420;
				LastUpgradeCheck = 1420;
				TargetAttributes = {
					E6061B46296D45C00040AE36 = {
						CreatedOnToolsVersion = 14.2;
					};
				};
			};
			buildConfigurationList = E6061B42296D45C00040AE36 /* Build configuration list for PBXProject "StarbucksSampleApp" */;
			compatibilityVersion = "Xcode 14.0";
			developmentRegion = en;
			hasScannedForEncodings = 0;
			knownRegions = (
				en,
				Base,
			);
			mainGroup = E6061B3E296D45C00040AE36;
			productRefGroup = E6061B48296D45C00040AE36 /* Products */;
			projectDirPath = "";
			projectRoot = "";
			targets = (
				E6061B46296D45C00040AE36 /* StarbucksSampleApp */,
			);
		};
/* End PBXProject section */

/* Begin PBXResourcesBuildPhase section */
		E6061B45296D45C00040AE36 /* Resources */ = {
			isa = PBXResourcesBuildPhase;
			buildActionMask = 2147483647;
			files = (
				E6061B52296D45C10040AE36 /* Preview Assets.xcassets in Resources */,
				E6061B4F296D45C10040AE36 /* Assets.xcassets in Resources */,
			);
			runOnlyForDeploymentPostprocessing = 0;
		};
/* End PBXResourcesBuildPhase section */

/* Begin PBXSourcesBuildPhase section */
		E6061B43296D45C00040AE36 /* Sources */ = {
			isa = PBXSourcesBuildPhase;
			buildActionMask = 2147483647;
			files = (
				E6061B5C296D49CE0040AE36 /* Tab.swift in Sources */,
				E6061B61296D50060040AE36 /* HomeView.swift in Sources */,
				E6061B68296D50C20040AE36 /* CoffeeMenu.swift in Sources */,
				E6061B6C296D562C0040AE36 /* HomeHeaderView.swift in Sources */,
				E6061B4B296D45C00040AE36 /* StarbucksSampleAppApp.swift in Sources */,
				E6061B70296D5BC70040AE36 /* OtherView.swift in Sources */,
				E6061B6A296D53A70040AE36 /* Events.swift in Sources */,
				E6061B65296D502C0040AE36 /* EventsSectionView.swift in Sources */,
				E6061B74296D5BDD0040AE36 /* SettingView.swift in Sources */,
				E6061B76296D63F30040AE36 /* HomeViewModel.swift in Sources */,
				E6061B63296D50240040AE36 /* MenuSuggestionSectionView.swift in Sources */,
				E6061B6E296D58840040AE36 /* User.swift in Sources */,
				E6061B5A296D47330040AE36 /* MainTabView.swift in Sources */,
				E6061B72296D5BD30040AE36 /* SettingMenu.swift in Sources */,
			);
			runOnlyForDeploymentPostprocessing = 0;
		};
/* End PBXSourcesBuildPhase section */

/* Begin XCBuildConfiguration section */
		E6061B53296D45C10040AE36 /* Debug */ = {
			isa = XCBuildConfiguration;
			buildSettings = {
				ALWAYS_SEARCH_USER_PATHS = NO;
				CLANG_ANALYZER_NONNULL = YES;
				CLANG_ANALYZER_NUMBER_OBJECT_CONVERSION = YES_AGGRESSIVE;
				CLANG_CXX_LANGUAGE_STANDARD = "gnu++20";
				CLANG_ENABLE_MODULES = YES;
				CLANG_ENABLE_OBJC_ARC = YES;
				CLANG_ENABLE_OBJC_WEAK = YES;
				CLANG_WARN_BLOCK_CAPTURE_AUTORELEASING = YES;
				CLANG_WARN_BOOL_CONVERSION = YES;
				CLANG_WARN_COMMA = YES;
				CLANG_WARN_CONSTANT_CONVERSION = YES;
				CLANG_WARN_DEPRECATED_OBJC_IMPLEMENTATIONS = YES;
				CLANG_WARN_DIRECT_OBJC_ISA_USAGE = YES_ERROR;
				CLANG_WARN_DOCUMENTATION_COMMENTS = YES;
				CLANG_WARN_EMPTY_BODY = YES;
				CLANG_WARN_ENUM_CONVERSION = YES;
				CLANG_WARN_INFINITE_RECURSION = YES;
				CLANG_WARN_INT_CONVERSION = YES;
				CLANG_WARN_NON_LITERAL_NULL_CONVERSION = YES;
				CLANG_WARN_OBJC_IMPLICIT_RETAIN_SELF = YES;
				CLANG_WARN_OBJC_LITERAL_CONVERSION = YES;
				CLANG_WARN_OBJC_ROOT_CLASS = YES_ERROR;
				CLANG_WARN_QUOTED_INCLUDE_IN_FRAMEWORK_HEADER = YES;
				CLANG_WARN_RANGE_LOOP_ANALYSIS = YES;
				CLANG_WARN_STRICT_PROTOTYPES = YES;
				CLANG_WARN_SUSPICIOUS_MOVE = YES;
				CLANG_WARN_UNGUARDED_AVAILABILITY = YES_AGGRESSIVE;
				CLANG_WARN_UNREACHABLE_CODE = YES;
				CLANG_WARN__DUPLICATE_METHOD_MATCH = YES;
				COPY_PHASE_STRIP = NO;
				DEBUG_INFORMATION_FORMAT = dwarf;
				ENABLE_STRICT_OBJC_MSGSEND = YES;
				ENABLE_TESTABILITY = YES;
				GCC_C_LANGUAGE_STANDARD = gnu11;
				GCC_DYNAMIC_NO_PIC = NO;
				GCC_NO_COMMON_BLOCKS = YES;
				GCC_OPTIMIZATION_LEVEL = 0;
				GCC_PREPROCESSOR_DEFINITIONS = (
					"DEBUG=1",
					"$(inherited)",
				);
				GCC_WARN_64_TO_32_BIT_CONVERSION = YES;
				GCC_WARN_ABOUT_RETURN_TYPE = YES_ERROR;
				GCC_WARN_UNDECLARED_SELECTOR = YES;
				GCC_WARN_UNINITIALIZED_AUTOS = YES_AGGRESSIVE;
				GCC_WARN_UNUSED_FUNCTION = YES;
				GCC_WARN_UNUSED_VARIABLE = YES;
				IPHONEOS_DEPLOYMENT_TARGET = 16.2;
				MTL_ENABLE_DEBUG_INFO = INCLUDE_SOURCE;
				MTL_FAST_MATH = YES;
				ONLY_ACTIVE_ARCH = YES;
				SDKROOT = iphoneos;
				SWIFT_ACTIVE_COMPILATION_CONDITIONS = DEBUG;
				SWIFT_OPTIMIZATION_LEVEL = "-Onone";
			};
			name = Debug;
		};
		E6061B54296D45C10040AE36 /* Release */ = {
			isa = XCBuildConfiguration;
			buildSettings = {
				ALWAYS_SEARCH_USER_PATHS = NO;
				CLANG_ANALYZER_NONNULL = YES;
				CLANG_ANALYZER_NUMBER_OBJECT_CONVERSION = YES_AGGRESSIVE;
				CLANG_CXX_LANGUAGE_STANDARD = "gnu++20";
				CLANG_ENABLE_MODULES = YES;
				CLANG_ENABLE_OBJC_ARC = YES;
				CLANG_ENABLE_OBJC_WEAK = YES;
				CLANG_WARN_BLOCK_CAPTURE_AUTORELEASING = YES;
				CLANG_WARN_BOOL_CONVERSION = YES;
				CLANG_WARN_COMMA = YES;
				CLANG_WARN_CONSTANT_CONVERSION = YES;
				CLANG_WARN_DEPRECATED_OBJC_IMPLEMENTATIONS = YES;
				CLANG_WARN_DIRECT_OBJC_ISA_USAGE = YES_ERROR;
				CLANG_WARN_DOCUMENTATION_COMMENTS = YES;
				CLANG_WARN_EMPTY_BODY = YES;
				CLANG_WARN_ENUM_CONVERSION = YES;
				CLANG_WARN_INFINITE_RECURSION = YES;
				CLANG_WARN_INT_CONVERSION = YES;
				CLANG_WARN_NON_LITERAL_NULL_CONVERSION = YES;
				CLANG_WARN_OBJC_IMPLICIT_RETAIN_SELF = YES;
				CLANG_WARN_OBJC_LITERAL_CONVERSION = YES;
				CLANG_WARN_OBJC_ROOT_CLASS = YES_ERROR;
				CLANG_WARN_QUOTED_INCLUDE_IN_FRAMEWORK_HEADER = YES;
				CLANG_WARN_RANGE_LOOP_ANALYSIS = YES;
				CLANG_WARN_STRICT_PROTOTYPES = YES;
				CLANG_WARN_SUSPICIOUS_MOVE = YES;
				CLANG_WARN_UNGUARDED_AVAILABILITY = YES_AGGRESSIVE;
				CLANG_WARN_UNREACHABLE_CODE = YES;
				CLANG_WARN__DUPLICATE_METHOD_MATCH = YES;
				COPY_PHASE_STRIP = NO;
				DEBUG_INFORMATION_FORMAT = "dwarf-with-dsym";
				ENABLE_NS_ASSERTIONS = NO;
				ENABLE_STRICT_OBJC_MSGSEND = YES;
				GCC_C_LANGUAGE_STANDARD = gnu11;
				GCC_NO_COMMON_BLOCKS = YES;
				GCC_WARN_64_TO_32_BIT_CONVERSION = YES;
				GCC_WARN_ABOUT_RETURN_TYPE = YES_ERROR;
				GCC_WARN_UNDECLARED_SELECTOR = YES;
				GCC_WARN_UNINITIALIZED_AUTOS = YES_AGGRESSIVE;
				GCC_WARN_UNUSED_FUNCTION = YES;
				GCC_WARN_UNUSED_VARIABLE = YES;
				IPHONEOS_DEPLOYMENT_TARGET = 16.2;
				MTL_ENABLE_DEBUG_INFO = NO;
				MTL_FAST_MATH = YES;
				SDKROOT = iphoneos;
				SWIFT_COMPILATION_MODE = wholemodule;
				SWIFT_OPTIMIZATION_LEVEL = "-O";
				VALIDATE_PRODUCT = YES;
			};
			name = Release;
		};
		E6061B56296D45C10040AE36 /* Debug */ = {
			isa = XCBuildConfiguration;
			buildSettings = {
				ASSETCATALOG_COMPILER_APPICON_NAME = AppIcon;
				ASSETCATALOG_COMPILER_GLOBAL_ACCENT_COLOR_NAME = AccentColor;
				CODE_SIGN_STYLE = Automatic;
				CURRENT_PROJECT_VERSION = 1;
				DEVELOPMENT_ASSET_PATHS = "\"StarbucksSampleApp/Preview Content\"";
				DEVELOPMENT_TEAM = HQS8MXQ7B5;
				ENABLE_PREVIEWS = YES;
				GENERATE_INFOPLIST_FILE = YES;
				INFOPLIST_KEY_UIApplicationSceneManifest_Generation = YES;
				INFOPLIST_KEY_UIApplicationSupportsIndirectInputEvents = YES;
				INFOPLIST_KEY_UILaunchScreen_Generation = YES;
				INFOPLIST_KEY_UISupportedInterfaceOrientations_iPad = "UIInterfaceOrientationPortrait UIInterfaceOrientationPortraitUpsideDown UIInterfaceOrientationLandscapeLeft UIInterfaceOrientationLandscapeRight";
				INFOPLIST_KEY_UISupportedInterfaceOrientations_iPhone = "UIInterfaceOrientationPortrait UIInterfaceOrientationLandscapeLeft UIInterfaceOrientationLandscapeRight";
				LD_RUNPATH_SEARCH_PATHS = (
					"$(inherited)",
					"@executable_path/Frameworks",
				);
				MARKETING_VERSION = 1.0;
				PRODUCT_BUNDLE_IDENTIFIER = kr.co.hyebin.StarbucksSampleApp;
				PRODUCT_NAME = "$(TARGET_NAME)";
				SWIFT_EMIT_LOC_STRINGS = YES;
				SWIFT_VERSION = 5.0;
				TARGETED_DEVICE_FAMILY = "1,2";
			};
			name = Debug;
		};
		E6061B57296D45C10040AE36 /* Release */ = {
			isa = XCBuildConfiguration;
			buildSettings = {
				ASSETCATALOG_COMPILER_APPICON_NAME = AppIcon;
				ASSETCATALOG_COMPILER_GLOBAL_ACCENT_COLOR_NAME = AccentColor;
				CODE_SIGN_STYLE = Automatic;
				CURRENT_PROJECT_VERSION = 1;
				DEVELOPMENT_ASSET_PATHS = "\"StarbucksSampleApp/Preview Content\"";
				DEVELOPMENT_TEAM = HQS8MXQ7B5;
				ENABLE_PREVIEWS = YES;
				GENERATE_INFOPLIST_FILE = YES;
				INFOPLIST_KEY_UIApplicationSceneManifest_Generation = YES;
				INFOPLIST_KEY_UIApplicationSupportsIndirectInputEvents = YES;
				INFOPLIST_KEY_UILaunchScreen_Generation = YES;
				INFOPLIST_KEY_UISupportedInterfaceOrientations_iPad = "UIInterfaceOrientationPortrait UIInterfaceOrientationPortraitUpsideDown UIInterfaceOrientationLandscapeLeft UIInterfaceOrientationLandscapeRight";
				INFOPLIST_KEY_UISupportedInterfaceOrientations_iPhone = "UIInterfaceOrientationPortrait UIInterfaceOrientationLandscapeLeft UIInterfaceOrientationLandscapeRight";
				LD_RUNPATH_SEARCH_PATHS = (
					"$(inherited)",
					"@executable_path/Frameworks",
				);
				MARKETING_VERSION = 1.0;
				PRODUCT_BUNDLE_IDENTIFIER = kr.co.hyebin.StarbucksSampleApp;
				PRODUCT_NAME = "$(TARGET_NAME)";
				SWIFT_EMIT_LOC_STRINGS = YES;
				SWIFT_VERSION = 5.0;
				TARGETED_DEVICE_FAMILY = "1,2";
			};
			name = Release;
		};
/* End XCBuildConfiguration section */

/* Begin XCConfigurationList section */
		E6061B42296D45C00040AE36 /* Build configuration list for PBXProject "StarbucksSampleApp" */ = {
			isa = XCConfigurationList;
			buildConfigurations = (
				E6061B53296D45C10040AE36 /* Debug */,
				E6061B54296D45C10040AE36 /* Release */,
			);
			defaultConfigurationIsVisible = 0;
			defaultConfigurationName = Release;
		};
		E6061B55296D45C10040AE36 /* Build configuration list for PBXNativeTarget "StarbucksSampleApp" */ = {
			isa = XCConfigurationList;
			buildConfigurations = (
				E6061B56296D45C10040AE36 /* Debug */,
				E6061B57296D45C10040AE36 /* Release */,
			);
			defaultConfigurationIsVisible = 0;
			defaultConfigurationName = Release;
		};
/* End XCConfigurationList section */
	};
	rootObject = E6061B3F296D45C00040AE36 /* Project object */;
}
