// !$*UTF8*$!
{
	archiveVersion = 1;
	classes = {
	};
	objectVersion = 56;
	objects = {

/* Begin PBXBuildFile section */
		563262F920C42EC72FB79512 /* Pods_SearchDaumBlog.framework in Frameworks */ = {isa = PBXBuildFile; fileRef = F077CF4A30B50F3E12583140 /* Pods_SearchDaumBlog.framework */; };
		E6DE86A42934986900D5146C /* AppDelegate.swift in Sources */ = {isa = PBXBuildFile; fileRef = E6DE86A32934986900D5146C /* AppDelegate.swift */; };
		E6DE86A62934986900D5146C /* SceneDelegate.swift in Sources */ = {isa = PBXBuildFile; fileRef = E6DE86A52934986900D5146C /* SceneDelegate.swift */; };
		E6DE86AD2934986A00D5146C /* Assets.xcassets in Resources */ = {isa = PBXBuildFile; fileRef = E6DE86AC2934986A00D5146C /* Assets.xcassets */; };
		E6DE86B02934986A00D5146C /* LaunchScreen.storyboard in Resources */ = {isa = PBXBuildFile; fileRef = E6DE86AE2934986A00D5146C /* LaunchScreen.storyboard */; };
		E6DE86B92934987A00D5146C /* Kingfisher in Frameworks */ = {isa = PBXBuildFile; productRef = E6DE86B82934987A00D5146C /* Kingfisher */; };
		E6DE86BC2934988900D5146C /* SnapKit in Frameworks */ = {isa = PBXBuildFile; productRef = E6DE86BB2934988900D5146C /* SnapKit */; };
		E6DE86BE2934993500D5146C /* DKBlog.swift in Sources */ = {isa = PBXBuildFile; fileRef = E6DE86BD2934993500D5146C /* DKBlog.swift */; };
		E6DE86C02934994200D5146C /* SearchNetworkError.swift in Sources */ = {isa = PBXBuildFile; fileRef = E6DE86BF2934994200D5146C /* SearchNetworkError.swift */; };
		E6DE86C22934994B00D5146C /* BlogListCellData.swift in Sources */ = {isa = PBXBuildFile; fileRef = E6DE86C12934994B00D5146C /* BlogListCellData.swift */; };
		E6DE86C42934995A00D5146C /* AlertActionConvertible.swift in Sources */ = {isa = PBXBuildFile; fileRef = E6DE86C32934995A00D5146C /* AlertActionConvertible.swift */; };
		E6DE86C62934997100D5146C /* SearchBlogNetwork.swift in Sources */ = {isa = PBXBuildFile; fileRef = E6DE86C52934997100D5146C /* SearchBlogNetwork.swift */; };
		E6DE86C82934998200D5146C /* MainViewController.swift in Sources */ = {isa = PBXBuildFile; fileRef = E6DE86C72934998200D5146C /* MainViewController.swift */; };
		E6DE86CA2934999C00D5146C /* SearchBar.swift in Sources */ = {isa = PBXBuildFile; fileRef = E6DE86C92934999C00D5146C /* SearchBar.swift */; };
		E6DE86CC293499AB00D5146C /* FilterView.swift in Sources */ = {isa = PBXBuildFile; fileRef = E6DE86CB293499AB00D5146C /* FilterView.swift */; };
		E6DE86CE293499B800D5146C /* BlogListView.swift in Sources */ = {isa = PBXBuildFile; fileRef = E6DE86CD293499B800D5146C /* BlogListView.swift */; };
		E6DE86D0293499C600D5146C /* BlogListCell.swift in Sources */ = {isa = PBXBuildFile; fileRef = E6DE86CF293499C600D5146C /* BlogListCell.swift */; };
/* End PBXBuildFile section */

/* Begin PBXFileReference section */
		C2FD5617B2A5AF044F30FCA1 /* Pods-SearchDaumBlog.release.xcconfig */ = {isa = PBXFileReference; includeInIndex = 1; lastKnownFileType = text.xcconfig; name = "Pods-SearchDaumBlog.release.xcconfig"; path = "Target Support Files/Pods-SearchDaumBlog/Pods-SearchDaumBlog.release.xcconfig"; sourceTree = "<group>"; };
		E6DE86A02934986900D5146C /* SearchDaumBlog.app */ = {isa = PBXFileReference; explicitFileType = wrapper.application; includeInIndex = 0; path = SearchDaumBlog.app; sourceTree = BUILT_PRODUCTS_DIR; };
		E6DE86A32934986900D5146C /* AppDelegate.swift */ = {isa = PBXFileReference; lastKnownFileType = sourcecode.swift; path = AppDelegate.swift; sourceTree = "<group>"; };
		E6DE86A52934986900D5146C /* SceneDelegate.swift */ = {isa = PBXFileReference; lastKnownFileType = sourcecode.swift; path = SceneDelegate.swift; sourceTree = "<group>"; };
		E6DE86AC2934986A00D5146C /* Assets.xcassets */ = {isa = PBXFileReference; lastKnownFileType = folder.assetcatalog; path = Assets.xcassets; sourceTree = "<group>"; };
		E6DE86AF2934986A00D5146C /* Base */ = {isa = PBXFileReference; lastKnownFileType = file.storyboard; name = Base; path = Base.lproj/LaunchScreen.storyboard; sourceTree = "<group>"; };
		E6DE86B12934986A00D5146C /* Info.plist */ = {isa = PBXFileReference; lastKnownFileType = text.plist.xml; path = Info.plist; sourceTree = "<group>"; };
		E6DE86BD2934993500D5146C /* DKBlog.swift */ = {isa = PBXFileReference; lastKnownFileType = sourcecode.swift; path = DKBlog.swift; sourceTree = "<group>"; };
		E6DE86BF2934994200D5146C /* SearchNetworkError.swift */ = {isa = PBXFileReference; lastKnownFileType = sourcecode.swift; path = SearchNetworkError.swift; sourceTree = "<group>"; };
		E6DE86C12934994B00D5146C /* BlogListCellData.swift */ = {isa = PBXFileReference; lastKnownFileType = sourcecode.swift; path = BlogListCellData.swift; sourceTree = "<group>"; };
		E6DE86C32934995A00D5146C /* AlertActionConvertible.swift */ = {isa = PBXFileReference; lastKnownFileType = sourcecode.swift; path = AlertActionConvertible.swift; sourceTree = "<group>"; };
		E6DE86C52934997100D5146C /* SearchBlogNetwork.swift */ = {isa = PBXFileReference; lastKnownFileType = sourcecode.swift; path = SearchBlogNetwork.swift; sourceTree = "<group>"; };
		E6DE86C72934998200D5146C /* MainViewController.swift */ = {isa = PBXFileReference; lastKnownFileType = sourcecode.swift; path = MainViewController.swift; sourceTree = "<group>"; };
		E6DE86C92934999C00D5146C /* SearchBar.swift */ = {isa = PBXFileReference; lastKnownFileType = sourcecode.swift; path = SearchBar.swift; sourceTree = "<group>"; };
		E6DE86CB293499AB00D5146C /* FilterView.swift */ = {isa = PBXFileReference; lastKnownFileType = sourcecode.swift; path = FilterView.swift; sourceTree = "<group>"; };
		E6DE86CD293499B800D5146C /* BlogListView.swift */ = {isa = PBXFileReference; lastKnownFileType = sourcecode.swift; path = BlogListView.swift; sourceTree = "<group>"; };
		E6DE86CF293499C600D5146C /* BlogListCell.swift */ = {isa = PBXFileReference; lastKnownFileType = sourcecode.swift; path = BlogListCell.swift; sourceTree = "<group>"; };
		EC09A27B25E6B6D6CCB03A39 /* Pods-SearchDaumBlog.debug.xcconfig */ = {isa = PBXFileReference; includeInIndex = 1; lastKnownFileType = text.xcconfig; name = "Pods-SearchDaumBlog.debug.xcconfig"; path = "Target Support Files/Pods-SearchDaumBlog/Pods-SearchDaumBlog.debug.xcconfig"; sourceTree = "<group>"; };
		F077CF4A30B50F3E12583140 /* Pods_SearchDaumBlog.framework */ = {isa = PBXFileReference; explicitFileType = wrapper.framework; includeInIndex = 0; path = Pods_SearchDaumBlog.framework; sourceTree = BUILT_PRODUCTS_DIR; };
/* End PBXFileReference section */

/* Begin PBXFrameworksBuildPhase section */
		E6DE869D2934986900D5146C /* Frameworks */ = {
			isa = PBXFrameworksBuildPhase;
			buildActionMask = 2147483647;
			files = (
				E6DE86B92934987A00D5146C /* Kingfisher in Frameworks */,
				E6DE86BC2934988900D5146C /* SnapKit in Frameworks */,
				563262F920C42EC72FB79512 /* Pods_SearchDaumBlog.framework in Frameworks */,
			);
			runOnlyForDeploymentPostprocessing = 0;
		};
/* End PBXFrameworksBuildPhase section */

/* Begin PBXGroup section */
		431A6885A214CF91A506DD33 /* Pods */ = {
			isa = PBXGroup;
			children = (
				EC09A27B25E6B6D6CCB03A39 /* Pods-SearchDaumBlog.debug.xcconfig */,
				C2FD5617B2A5AF044F30FCA1 /* Pods-SearchDaumBlog.release.xcconfig */,
			);
			path = Pods;
			sourceTree = "<group>";
		};
		5A16756FAD11CD3B5C96E878 /* Frameworks */ = {
			isa = PBXGroup;
			children = (
				F077CF4A30B50F3E12583140 /* Pods_SearchDaumBlog.framework */,
			);
			name = Frameworks;
			sourceTree = "<group>";
		};
		E6DE86972934986900D5146C = {
			isa = PBXGroup;
			children = (
				E6DE86A22934986900D5146C /* SearchDaumBlog */,
				E6DE86A12934986900D5146C /* Products */,
				431A6885A214CF91A506DD33 /* Pods */,
				5A16756FAD11CD3B5C96E878 /* Frameworks */,
			);
			sourceTree = "<group>";
		};
		E6DE86A12934986900D5146C /* Products */ = {
			isa = PBXGroup;
			children = (
				E6DE86A02934986900D5146C /* SearchDaumBlog.app */,
			);
			name = Products;
			sourceTree = "<group>";
		};
		E6DE86A22934986900D5146C /* SearchDaumBlog */ = {
			isa = PBXGroup;
			children = (
				E6DE86A32934986900D5146C /* AppDelegate.swift */,
				E6DE86A52934986900D5146C /* SceneDelegate.swift */,
				E6DE86AC2934986A00D5146C /* Assets.xcassets */,
				E6DE86AE2934986A00D5146C /* LaunchScreen.storyboard */,
				E6DE86B12934986A00D5146C /* Info.plist */,
				E6DE86D129349A4800D5146C /* Scene */,
				E6DE86D329349A8B00D5146C /* Network */,
				E6DE86D429349A9800D5146C /* Entities */,
			);
			path = SearchDaumBlog;
			sourceTree = "<group>";
		};
		E6DE86D129349A4800D5146C /* Scene */ = {
			isa = PBXGroup;
			children = (
				E6DE86C72934998200D5146C /* MainViewController.swift */,
				E6DE86C92934999C00D5146C /* SearchBar.swift */,
				E6DE86D229349A7800D5146C /* ListView */,
			);
			path = Scene;
			sourceTree = "<group>";
		};
		E6DE86D229349A7800D5146C /* ListView */ = {
			isa = PBXGroup;
			children = (
				E6DE86CD293499B800D5146C /* BlogListView.swift */,
				E6DE86CF293499C600D5146C /* BlogListCell.swift */,
				E6DE86CB293499AB00D5146C /* FilterView.swift */,
			);
			path = ListView;
			sourceTree = "<group>";
		};
		E6DE86D329349A8B00D5146C /* Network */ = {
			isa = PBXGroup;
			children = (
				E6DE86C52934997100D5146C /* SearchBlogNetwork.swift */,
			);
			path = Network;
			sourceTree = "<group>";
		};
		E6DE86D429349A9800D5146C /* Entities */ = {
			isa = PBXGroup;
			children = (
				E6DE86BD2934993500D5146C /* DKBlog.swift */,
				E6DE86BF2934994200D5146C /* SearchNetworkError.swift */,
				E6DE86C12934994B00D5146C /* BlogListCellData.swift */,
				E6DE86C32934995A00D5146C /* AlertActionConvertible.swift */,
			);
			path = Entities;
			sourceTree = "<group>";
		};
/* End PBXGroup section */

/* Begin PBXNativeTarget section */
		E6DE869F2934986900D5146C /* SearchDaumBlog */ = {
			isa = PBXNativeTarget;
			buildConfigurationList = E6DE86B42934986A00D5146C /* Build configuration list for PBXNativeTarget "SearchDaumBlog" */;
			buildPhases = (
				0EA22F2097DB69A3E53851F5 /* [CP] Check Pods Manifest.lock */,
				E6DE869C2934986900D5146C /* Sources */,
				E6DE869D2934986900D5146C /* Frameworks */,
				E6DE869E2934986900D5146C /* Resources */,
				DCAC335207B370DA1BBDE670 /* [CP] Embed Pods Frameworks */,
			);
			buildRules = (
			);
			dependencies = (
			);
			name = SearchDaumBlog;
			packageProductDependencies = (
				E6DE86B82934987A00D5146C /* Kingfisher */,
				E6DE86BB2934988900D5146C /* SnapKit */,
			);
			productName = SearchDaumBlog;
			productReference = E6DE86A02934986900D5146C /* SearchDaumBlog.app */;
			productType = "com.apple.product-type.application";
		};
/* End PBXNativeTarget section */

/* Begin PBXProject section */
		E6DE86982934986900D5146C /* Project object */ = {
			isa = PBXProject;
			attributes = {
				BuildIndependentTargetsInParallel = 1;
				LastSwiftUpdateCheck = 1410;
				LastUpgradeCheck = 1410;
				TargetAttributes = {
					E6DE869F2934986900D5146C = {
						CreatedOnToolsVersion = 14.1;
					};
				};
			};
			buildConfigurationList = E6DE869B2934986900D5146C /* Build configuration list for PBXProject "SearchDaumBlog" */;
			compatibilityVersion = "Xcode 14.0";
			developmentRegion = en;
			hasScannedForEncodings = 0;
			knownRegions = (
				en,
				Base,
			);
			mainGroup = E6DE86972934986900D5146C;
			packageReferences = (
				E6DE86B72934987A00D5146C /* XCRemoteSwiftPackageReference "Kingfisher" */,
				E6DE86BA2934988900D5146C /* XCRemoteSwiftPackageReference "SnapKit" */,
			);
			productRefGroup = E6DE86A12934986900D5146C /* Products */;
			projectDirPath = "";
			projectRoot = "";
			targets = (
				E6DE869F2934986900D5146C /* SearchDaumBlog */,
			);
		};
/* End PBXProject section */

/* Begin PBXResourcesBuildPhase section */
		E6DE869E2934986900D5146C /* Resources */ = {
			isa = PBXResourcesBuildPhase;
			buildActionMask = 2147483647;
			files = (
				E6DE86B02934986A00D5146C /* LaunchScreen.storyboard in Resources */,
				E6DE86AD2934986A00D5146C /* Assets.xcassets in Resources */,
			);
			runOnlyForDeploymentPostprocessing = 0;
		};
/* End PBXResourcesBuildPhase section */

/* Begin PBXShellScriptBuildPhase section */
		0EA22F2097DB69A3E53851F5 /* [CP] Check Pods Manifest.lock */ = {
			isa = PBXShellScriptBuildPhase;
			buildActionMask = 2147483647;
			files = (
			);
			inputFileListPaths = (
			);
			inputPaths = (
				"${PODS_PODFILE_DIR_PATH}/Podfile.lock",
				"${PODS_ROOT}/Manifest.lock",
			);
			name = "[CP] Check Pods Manifest.lock";
			outputFileListPaths = (
			);
			outputPaths = (
				"$(DERIVED_FILE_DIR)/Pods-SearchDaumBlog-checkManifestLockResult.txt",
			);
			runOnlyForDeploymentPostprocessing = 0;
			shellPath = /bin/sh;
			shellScript = "diff \"${PODS_PODFILE_DIR_PATH}/Podfile.lock\" \"${PODS_ROOT}/Manifest.lock\" > /dev/null\nif [ $? != 0 ] ; then\n    # print error to STDERR\n    echo \"error: The sandbox is not in sync with the Podfile.lock. Run 'pod install' or update your CocoaPods installation.\" >&2\n    exit 1\nfi\n# This output is used by Xcode 'outputs' to avoid re-running this script phase.\necho \"SUCCESS\" > \"${SCRIPT_OUTPUT_FILE_0}\"\n";
			showEnvVarsInLog = 0;
		};
		DCAC335207B370DA1BBDE670 /* [CP] Embed Pods Frameworks */ = {
			isa = PBXShellScriptBuildPhase;
			buildActionMask = 2147483647;
			files = (
			);
			inputFileListPaths = (
				"${PODS_ROOT}/Target Support Files/Pods-SearchDaumBlog/Pods-SearchDaumBlog-frameworks-${CONFIGURATION}-input-files.xcfilelist",
			);
			name = "[CP] Embed Pods Frameworks";
			outputFileListPaths = (
				"${PODS_ROOT}/Target Support Files/Pods-SearchDaumBlog/Pods-SearchDaumBlog-frameworks-${CONFIGURATION}-output-files.xcfilelist",
			);
			runOnlyForDeploymentPostprocessing = 0;
			shellPath = /bin/sh;
			shellScript = "\"${PODS_ROOT}/Target Support Files/Pods-SearchDaumBlog/Pods-SearchDaumBlog-frameworks.sh\"\n";
			showEnvVarsInLog = 0;
		};
/* End PBXShellScriptBuildPhase section */

/* Begin PBXSourcesBuildPhase section */
		E6DE869C2934986900D5146C /* Sources */ = {
			isa = PBXSourcesBuildPhase;
			buildActionMask = 2147483647;
			files = (
				E6DE86A42934986900D5146C /* AppDelegate.swift in Sources */,
				E6DE86C62934997100D5146C /* SearchBlogNetwork.swift in Sources */,
				E6DE86C02934994200D5146C /* SearchNetworkError.swift in Sources */,
				E6DE86C42934995A00D5146C /* AlertActionConvertible.swift in Sources */,
				E6DE86A62934986900D5146C /* SceneDelegate.swift in Sources */,
				E6DE86CA2934999C00D5146C /* SearchBar.swift in Sources */,
				E6DE86BE2934993500D5146C /* DKBlog.swift in Sources */,
				E6DE86CE293499B800D5146C /* BlogListView.swift in Sources */,
				E6DE86C22934994B00D5146C /* BlogListCellData.swift in Sources */,
				E6DE86D0293499C600D5146C /* BlogListCell.swift in Sources */,
				E6DE86CC293499AB00D5146C /* FilterView.swift in Sources */,
				E6DE86C82934998200D5146C /* MainViewController.swift in Sources */,
			);
			runOnlyForDeploymentPostprocessing = 0;
		};
/* End PBXSourcesBuildPhase section */

/* Begin PBXVariantGroup section */
		E6DE86AE2934986A00D5146C /* LaunchScreen.storyboard */ = {
			isa = PBXVariantGroup;
			children = (
				E6DE86AF2934986A00D5146C /* Base */,
			);
			name = LaunchScreen.storyboard;
			sourceTree = "<group>";
		};
/* End PBXVariantGroup section */

/* Begin XCBuildConfiguration section */
		E6DE86B22934986A00D5146C /* Debug */ = {
			isa = XCBuildConfiguration;
			buildSettings = {
				ALWAYS_SEARCH_USER_PATHS = NO;
				CLANG_ANALYZER_NONNULL = YES;
				CLANG_ANALYZER_NUMBER_OBJECT_CONVERSION = YES_AGGRESSIVE;
				CLANG_CXX_LANGUAGE_STANDARD = "gnu++20";
				CLANG_ENABLE_MODULES = YES;
				CLANG_ENABLE_OBJC_ARC = YES;
				CLANG_ENABLE_OBJC_WEAK = YES;
				CLANG_WARN_BLOCK_CAPTURE_AUTORELEASING = YES;
				CLANG_WARN_BOOL_CONVERSION = YES;
				CLANG_WARN_COMMA = YES;
				CLANG_WARN_CONSTANT_CONVERSION = YES;
				CLANG_WARN_DEPRECATED_OBJC_IMPLEMENTATIONS = YES;
				CLANG_WARN_DIRECT_OBJC_ISA_USAGE = YES_ERROR;
				CLANG_WARN_DOCUMENTATION_COMMENTS = YES;
				CLANG_WARN_EMPTY_BODY = YES;
				CLANG_WARN_ENUM_CONVERSION = YES;
				CLANG_WARN_INFINITE_RECURSION = YES;
				CLANG_WARN_INT_CONVERSION = YES;
				CLANG_WARN_NON_LITERAL_NULL_CONVERSION = YES;
				CLANG_WARN_OBJC_IMPLICIT_RETAIN_SELF = YES;
				CLANG_WARN_OBJC_LITERAL_CONVERSION = YES;
				CLANG_WARN_OBJC_ROOT_CLASS = YES_ERROR;
				CLANG_WARN_QUOTED_INCLUDE_IN_FRAMEWORK_HEADER = YES;
				CLANG_WARN_RANGE_LOOP_ANALYSIS = YES;
				CLANG_WARN_STRICT_PROTOTYPES = YES;
				CLANG_WARN_SUSPICIOUS_MOVE = YES;
				CLANG_WARN_UNGUARDED_AVAILABILITY = YES_AGGRESSIVE;
				CLANG_WARN_UNREACHABLE_CODE = YES;
				CLANG_WARN__DUPLICATE_METHOD_MATCH = YES;
				COPY_PHASE_STRIP = NO;
				DEBUG_INFORMATION_FORMAT = dwarf;
				ENABLE_STRICT_OBJC_MSGSEND = YES;
				ENABLE_TESTABILITY = YES;
				GCC_C_LANGUAGE_STANDARD = gnu11;
				GCC_DYNAMIC_NO_PIC = NO;
				GCC_NO_COMMON_BLOCKS = YES;
				GCC_OPTIMIZATION_LEVEL = 0;
				GCC_PREPROCESSOR_DEFINITIONS = (
					"DEBUG=1",
					"$(inherited)",
				);
				GCC_WARN_64_TO_32_BIT_CONVERSION = YES;
				GCC_WARN_ABOUT_RETURN_TYPE = YES_ERROR;
				GCC_WARN_UNDECLARED_SELECTOR = YES;
				GCC_WARN_UNINITIALIZED_AUTOS = YES_AGGRESSIVE;
				GCC_WARN_UNUSED_FUNCTION = YES;
				GCC_WARN_UNUSED_VARIABLE = YES;
				IPHONEOS_DEPLOYMENT_TARGET = 16.1;
				MTL_ENABLE_DEBUG_INFO = INCLUDE_SOURCE;
				MTL_FAST_MATH = YES;
				ONLY_ACTIVE_ARCH = YES;
				SDKROOT = iphoneos;
				SWIFT_ACTIVE_COMPILATION_CONDITIONS = DEBUG;
				SWIFT_OPTIMIZATION_LEVEL = "-Onone";
			};
			name = Debug;
		};
		E6DE86B32934986A00D5146C /* Release */ = {
			isa = XCBuildConfiguration;
			buildSettings = {
				ALWAYS_SEARCH_USER_PATHS = NO;
				CLANG_ANALYZER_NONNULL = YES;
				CLANG_ANALYZER_NUMBER_OBJECT_CONVERSION = YES_AGGRESSIVE;
				CLANG_CXX_LANGUAGE_STANDARD = "gnu++20";
				CLANG_ENABLE_MODULES = YES;
				CLANG_ENABLE_OBJC_ARC = YES;
				CLANG_ENABLE_OBJC_WEAK = YES;
				CLANG_WARN_BLOCK_CAPTURE_AUTORELEASING = YES;
				CLANG_WARN_BOOL_CONVERSION = YES;
				CLANG_WARN_COMMA = YES;
				CLANG_WARN_CONSTANT_CONVERSION = YES;
				CLANG_WARN_DEPRECATED_OBJC_IMPLEMENTATIONS = YES;
				CLANG_WARN_DIRECT_OBJC_ISA_USAGE = YES_ERROR;
				CLANG_WARN_DOCUMENTATION_COMMENTS = YES;
				CLANG_WARN_EMPTY_BODY = YES;
				CLANG_WARN_ENUM_CONVERSION = YES;
				CLANG_WARN_INFINITE_RECURSION = YES;
				CLANG_WARN_INT_CONVERSION = YES;
				CLANG_WARN_NON_LITERAL_NULL_CONVERSION = YES;
				CLANG_WARN_OBJC_IMPLICIT_RETAIN_SELF = YES;
				CLANG_WARN_OBJC_LITERAL_CONVERSION = YES;
				CLANG_WARN_OBJC_ROOT_CLASS = YES_ERROR;
				CLANG_WARN_QUOTED_INCLUDE_IN_FRAMEWORK_HEADER = YES;
				CLANG_WARN_RANGE_LOOP_ANALYSIS = YES;
				CLANG_WARN_STRICT_PROTOTYPES = YES;
				CLANG_WARN_SUSPICIOUS_MOVE = YES;
				CLANG_WARN_UNGUARDED_AVAILABILITY = YES_AGGRESSIVE;
				CLANG_WARN_UNREACHABLE_CODE = YES;
				CLANG_WARN__DUPLICATE_METHOD_MATCH = YES;
				COPY_PHASE_STRIP = NO;
				DEBUG_INFORMATION_FORMAT = "dwarf-with-dsym";
				ENABLE_NS_ASSERTIONS = NO;
				ENABLE_STRICT_OBJC_MSGSEND = YES;
				GCC_C_LANGUAGE_STANDARD = gnu11;
				GCC_NO_COMMON_BLOCKS = YES;
				GCC_WARN_64_TO_32_BIT_CONVERSION = YES;
				GCC_WARN_ABOUT_RETURN_TYPE = YES_ERROR;
				GCC_WARN_UNDECLARED_SELECTOR = YES;
				GCC_WARN_UNINITIALIZED_AUTOS = YES_AGGRESSIVE;
				GCC_WARN_UNUSED_FUNCTION = YES;
				GCC_WARN_UNUSED_VARIABLE = YES;
				IPHONEOS_DEPLOYMENT_TARGET = 16.1;
				MTL_ENABLE_DEBUG_INFO = NO;
				MTL_FAST_MATH = YES;
				SDKROOT = iphoneos;
				SWIFT_COMPILATION_MODE = wholemodule;
				SWIFT_OPTIMIZATION_LEVEL = "-O";
				VALIDATE_PRODUCT = YES;
			};
			name = Release;
		};
		E6DE86B52934986A00D5146C /* Debug */ = {
			isa = XCBuildConfiguration;
			baseConfigurationReference = EC09A27B25E6B6D6CCB03A39 /* Pods-SearchDaumBlog.debug.xcconfig */;
			buildSettings = {
				ASSETCATALOG_COMPILER_APPICON_NAME = AppIcon;
				ASSETCATALOG_COMPILER_GLOBAL_ACCENT_COLOR_NAME = AccentColor;
				CODE_SIGN_STYLE = Automatic;
				CURRENT_PROJECT_VERSION = 1;
				DEVELOPMENT_TEAM = HQS8MXQ7B5;
				GENERATE_INFOPLIST_FILE = YES;
				INFOPLIST_FILE = SearchDaumBlog/Info.plist;
				INFOPLIST_KEY_UIApplicationSupportsIndirectInputEvents = YES;
				INFOPLIST_KEY_UILaunchStoryboardName = LaunchScreen;
				INFOPLIST_KEY_UIMainStoryboardFile = "";
				INFOPLIST_KEY_UISupportedInterfaceOrientations_iPad = "UIInterfaceOrientationPortrait UIInterfaceOrientationPortraitUpsideDown UIInterfaceOrientationLandscapeLeft UIInterfaceOrientationLandscapeRight";
				INFOPLIST_KEY_UISupportedInterfaceOrientations_iPhone = "UIInterfaceOrientationPortrait UIInterfaceOrientationLandscapeLeft UIInterfaceOrientationLandscapeRight";
				LD_RUNPATH_SEARCH_PATHS = (
					"$(inherited)",
					"@executable_path/Frameworks",
				);
				MARKETING_VERSION = 1.0;
				PRODUCT_BUNDLE_IDENTIFIER = kr.co.hyebin.SearchDaumBlog;
				PRODUCT_NAME = "$(TARGET_NAME)";
				SWIFT_EMIT_LOC_STRINGS = YES;
				SWIFT_VERSION = 5.0;
				TARGETED_DEVICE_FAMILY = "1,2";
			};
			name = Debug;
		};
		E6DE86B62934986A00D5146C /* Release */ = {
			isa = XCBuildConfiguration;
			baseConfigurationReference = C2FD5617B2A5AF044F30FCA1 /* Pods-SearchDaumBlog.release.xcconfig */;
			buildSettings = {
				ASSETCATALOG_COMPILER_APPICON_NAME = AppIcon;
				ASSETCATALOG_COMPILER_GLOBAL_ACCENT_COLOR_NAME = AccentColor;
				CODE_SIGN_STYLE = Automatic;
				CURRENT_PROJECT_VERSION = 1;
				DEVELOPMENT_TEAM = HQS8MXQ7B5;
				GENERATE_INFOPLIST_FILE = YES;
				INFOPLIST_FILE = SearchDaumBlog/Info.plist;
				INFOPLIST_KEY_UIApplicationSupportsIndirectInputEvents = YES;
				INFOPLIST_KEY_UILaunchStoryboardName = LaunchScreen;
				INFOPLIST_KEY_UIMainStoryboardFile = "";
				INFOPLIST_KEY_UISupportedInterfaceOrientations_iPad = "UIInterfaceOrientationPortrait UIInterfaceOrientationPortraitUpsideDown UIInterfaceOrientationLandscapeLeft UIInterfaceOrientationLandscapeRight";
				INFOPLIST_KEY_UISupportedInterfaceOrientations_iPhone = "UIInterfaceOrientationPortrait UIInterfaceOrientationLandscapeLeft UIInterfaceOrientationLandscapeRight";
				LD_RUNPATH_SEARCH_PATHS = (
					"$(inherited)",
					"@executable_path/Frameworks",
				);
				MARKETING_VERSION = 1.0;
				PRODUCT_BUNDLE_IDENTIFIER = kr.co.hyebin.SearchDaumBlog;
				PRODUCT_NAME = "$(TARGET_NAME)";
				SWIFT_EMIT_LOC_STRINGS = YES;
				SWIFT_VERSION = 5.0;
				TARGETED_DEVICE_FAMILY = "1,2";
			};
			name = Release;
		};
/* End XCBuildConfiguration section */

/* Begin XCConfigurationList section */
		E6DE869B2934986900D5146C /* Build configuration list for PBXProject "SearchDaumBlog" */ = {
			isa = XCConfigurationList;
			buildConfigurations = (
				E6DE86B22934986A00D5146C /* Debug */,
				E6DE86B32934986A00D5146C /* Release */,
			);
			defaultConfigurationIsVisible = 0;
			defaultConfigurationName = Release;
		};
		E6DE86B42934986A00D5146C /* Build configuration list for PBXNativeTarget "SearchDaumBlog" */ = {
			isa = XCConfigurationList;
			buildConfigurations = (
				E6DE86B52934986A00D5146C /* Debug */,
				E6DE86B62934986A00D5146C /* Release */,
			);
			defaultConfigurationIsVisible = 0;
			defaultConfigurationName = Release;
		};
/* End XCConfigurationList section */

/* Begin XCRemoteSwiftPackageReference section */
		E6DE86B72934987A00D5146C /* XCRemoteSwiftPackageReference "Kingfisher" */ = {
			isa = XCRemoteSwiftPackageReference;
			repositoryURL = "https://github.com/onevcat/Kingfisher.git";
			requirement = {
				kind = upToNextMajorVersion;
				minimumVersion = 7.0.0;
			};
		};
		E6DE86BA2934988900D5146C /* XCRemoteSwiftPackageReference "SnapKit" */ = {
			isa = XCRemoteSwiftPackageReference;
			repositoryURL = "https://github.com/SnapKit/SnapKit.git";
			requirement = {
				kind = upToNextMajorVersion;
				minimumVersion = 5.0.0;
			};
		};
/* End XCRemoteSwiftPackageReference section */

/* Begin XCSwiftPackageProductDependency section */
		E6DE86B82934987A00D5146C /* Kingfisher */ = {
			isa = XCSwiftPackageProductDependency;
			package = E6DE86B72934987A00D5146C /* XCRemoteSwiftPackageReference "Kingfisher" */;
			productName = Kingfisher;
		};
		E6DE86BB2934988900D5146C /* SnapKit */ = {
			isa = XCSwiftPackageProductDependency;
			package = E6DE86BA2934988900D5146C /* XCRemoteSwiftPackageReference "SnapKit" */;
			productName = SnapKit;
		};
/* End XCSwiftPackageProductDependency section */
	};
	rootObject = E6DE86982934986900D5146C /* Project object */;
}
