// !$*UTF8*$!
{
	archiveVersion = 1;
	classes = {
	};
	objectVersion = 55;
	objects = {

/* Begin PBXBuildFile section */
		E6E860A2275774C1008391A9 /* AppDelegate.swift in Sources */ = {isa = PBXBuildFile; fileRef = E6E860A1275774C1008391A9 /* AppDelegate.swift */; };
		E6E860A4275774C1008391A9 /* SceneDelegate.swift in Sources */ = {isa = PBXBuildFile; fileRef = E6E860A3275774C1008391A9 /* SceneDelegate.swift */; };
		E6E860A6275774C1008391A9 /* ViewController.swift in Sources */ = {isa = PBXBuildFile; fileRef = E6E860A5275774C1008391A9 /* ViewController.swift */; };
		E6E860A9275774C1008391A9 /* Main.storyboard in Resources */ = {isa = PBXBuildFile; fileRef = E6E860A7275774C1008391A9 /* Main.storyboard */; };
		E6E860AB275774C2008391A9 /* Assets.xcassets in Resources */ = {isa = PBXBuildFile; fileRef = E6E860AA275774C2008391A9 /* Assets.xcassets */; };
		E6E860AE275774C2008391A9 /* LaunchScreen.storyboard in Resources */ = {isa = PBXBuildFile; fileRef = E6E860AC275774C2008391A9 /* LaunchScreen.storyboard */; };
		E6E860B6275777CF008391A9 /* CovidDetailViewController.swift in Sources */ = {isa = PBXBuildFile; fileRef = E6E860B5275777CF008391A9 /* CovidDetailViewController.swift */; };
		E6E860B8275779C9008391A9 /* CityCovidOverview.swift in Sources */ = {isa = PBXBuildFile; fileRef = E6E860B7275779C9008391A9 /* CityCovidOverview.swift */; };
		FD3661A1D8FBE19399C80FEC /* Pods_COVID_19.framework in Frameworks */ = {isa = PBXBuildFile; fileRef = 47548AF8EE7674EE231E1410 /* Pods_COVID_19.framework */; };
/* End PBXBuildFile section */

/* Begin PBXFileReference section */
		47548AF8EE7674EE231E1410 /* Pods_COVID_19.framework */ = {isa = PBXFileReference; explicitFileType = wrapper.framework; includeInIndex = 0; path = Pods_COVID_19.framework; sourceTree = BUILT_PRODUCTS_DIR; };
		A60784414ABBA67B679DB1DA /* Pods-COVID-19.debug.xcconfig */ = {isa = PBXFileReference; includeInIndex = 1; lastKnownFileType = text.xcconfig; name = "Pods-COVID-19.debug.xcconfig"; path = "Target Support Files/Pods-COVID-19/Pods-COVID-19.debug.xcconfig"; sourceTree = "<group>"; };
		C757805F63814677B440EE21 /* Pods-COVID-19.release.xcconfig */ = {isa = PBXFileReference; includeInIndex = 1; lastKnownFileType = text.xcconfig; name = "Pods-COVID-19.release.xcconfig"; path = "Target Support Files/Pods-COVID-19/Pods-COVID-19.release.xcconfig"; sourceTree = "<group>"; };
		E6E8609E275774C1008391A9 /* COVID-19.app */ = {isa = PBXFileReference; explicitFileType = wrapper.application; includeInIndex = 0; path = "COVID-19.app"; sourceTree = BUILT_PRODUCTS_DIR; };
		E6E860A1275774C1008391A9 /* AppDelegate.swift */ = {isa = PBXFileReference; lastKnownFileType = sourcecode.swift; path = AppDelegate.swift; sourceTree = "<group>"; };
		E6E860A3275774C1008391A9 /* SceneDelegate.swift */ = {isa = PBXFileReference; lastKnownFileType = sourcecode.swift; path = SceneDelegate.swift; sourceTree = "<group>"; };
		E6E860A5275774C1008391A9 /* ViewController.swift */ = {isa = PBXFileReference; lastKnownFileType = sourcecode.swift; path = ViewController.swift; sourceTree = "<group>"; };
		E6E860A8275774C1008391A9 /* Base */ = {isa = PBXFileReference; lastKnownFileType = file.storyboard; name = Base; path = Base.lproj/Main.storyboard; sourceTree = "<group>"; };
		E6E860AA275774C2008391A9 /* Assets.xcassets */ = {isa = PBXFileReference; lastKnownFileType = folder.assetcatalog; path = Assets.xcassets; sourceTree = "<group>"; };
		E6E860AD275774C2008391A9 /* Base */ = {isa = PBXFileReference; lastKnownFileType = file.storyboard; name = Base; path = Base.lproj/LaunchScreen.storyboard; sourceTree = "<group>"; };
		E6E860AF275774C2008391A9 /* Info.plist */ = {isa = PBXFileReference; lastKnownFileType = text.plist.xml; path = Info.plist; sourceTree = "<group>"; };
		E6E860B5275777CF008391A9 /* CovidDetailViewController.swift */ = {isa = PBXFileReference; lastKnownFileType = sourcecode.swift; path = CovidDetailViewController.swift; sourceTree = "<group>"; };
		E6E860B7275779C9008391A9 /* CityCovidOverview.swift */ = {isa = PBXFileReference; lastKnownFileType = sourcecode.swift; path = CityCovidOverview.swift; sourceTree = "<group>"; };
/* End PBXFileReference section */

/* Begin PBXFrameworksBuildPhase section */
		E6E8609B275774C1008391A9 /* Frameworks */ = {
			isa = PBXFrameworksBuildPhase;
			buildActionMask = 2147483647;
			files = (
				FD3661A1D8FBE19399C80FEC /* Pods_COVID_19.framework in Frameworks */,
			);
			runOnlyForDeploymentPostprocessing = 0;
		};
/* End PBXFrameworksBuildPhase section */

/* Begin PBXGroup section */
		1AE79FA3AC9E6D7F08CACE06 /* Pods */ = {
			isa = PBXGroup;
			children = (
				A60784414ABBA67B679DB1DA /* Pods-COVID-19.debug.xcconfig */,
				C757805F63814677B440EE21 /* Pods-COVID-19.release.xcconfig */,
			);
			path = Pods;
			sourceTree = "<group>";
		};
		9AAF6015FA76BFCDBA029E49 /* Frameworks */ = {
			isa = PBXGroup;
			children = (
				47548AF8EE7674EE231E1410 /* Pods_COVID_19.framework */,
			);
			name = Frameworks;
			sourceTree = "<group>";
		};
		E6E86095275774C1008391A9 = {
			isa = PBXGroup;
			children = (
				E6E860A0275774C1008391A9 /* COVID-19 */,
				E6E8609F275774C1008391A9 /* Products */,
				1AE79FA3AC9E6D7F08CACE06 /* Pods */,
				9AAF6015FA76BFCDBA029E49 /* Frameworks */,
			);
			sourceTree = "<group>";
		};
		E6E8609F275774C1008391A9 /* Products */ = {
			isa = PBXGroup;
			children = (
				E6E8609E275774C1008391A9 /* COVID-19.app */,
			);
			name = Products;
			sourceTree = "<group>";
		};
		E6E860A0275774C1008391A9 /* COVID-19 */ = {
			isa = PBXGroup;
			children = (
				E6E860A1275774C1008391A9 /* AppDelegate.swift */,
				E6E860A3275774C1008391A9 /* SceneDelegate.swift */,
				E6E860A5275774C1008391A9 /* ViewController.swift */,
				E6E860A7275774C1008391A9 /* Main.storyboard */,
				E6E860AA275774C2008391A9 /* Assets.xcassets */,
				E6E860AC275774C2008391A9 /* LaunchScreen.storyboard */,
				E6E860AF275774C2008391A9 /* Info.plist */,
				E6E860B5275777CF008391A9 /* CovidDetailViewController.swift */,
				E6E860B7275779C9008391A9 /* CityCovidOverview.swift */,
			);
			path = "COVID-19";
			sourceTree = "<group>";
		};
/* End PBXGroup section */

/* Begin PBXNativeTarget section */
		E6E8609D275774C1008391A9 /* COVID-19 */ = {
			isa = PBXNativeTarget;
			buildConfigurationList = E6E860B2275774C2008391A9 /* Build configuration list for PBXNativeTarget "COVID-19" */;
			buildPhases = (
				C65720428F4C61F88BC59E8F /* [CP] Check Pods Manifest.lock */,
				E6E8609A275774C1008391A9 /* Sources */,
				E6E8609B275774C1008391A9 /* Frameworks */,
				E6E8609C275774C1008391A9 /* Resources */,
				46C42278A85BAC47052965A2 /* [CP] Embed Pods Frameworks */,
			);
			buildRules = (
			);
			dependencies = (
			);
			name = "COVID-19";
			productName = "COVID-19";
			productReference = E6E8609E275774C1008391A9 /* COVID-19.app */;
			productType = "com.apple.product-type.application";
		};
/* End PBXNativeTarget section */

/* Begin PBXProject section */
		E6E86096275774C1008391A9 /* Project object */ = {
			isa = PBXProject;
			attributes = {
				BuildIndependentTargetsInParallel = 1;
				LastSwiftUpdateCheck = 1310;
				LastUpgradeCheck = 1310;
				TargetAttributes = {
					E6E8609D275774C1008391A9 = {
						CreatedOnToolsVersion = 13.1;
					};
				};
			};
			buildConfigurationList = E6E86099275774C1008391A9 /* Build configuration list for PBXProject "COVID-19" */;
			compatibilityVersion = "Xcode 13.0";
			developmentRegion = en;
			hasScannedForEncodings = 0;
			knownRegions = (
				en,
				Base,
			);
			mainGroup = E6E86095275774C1008391A9;
			productRefGroup = E6E8609F275774C1008391A9 /* Products */;
			projectDirPath = "";
			projectRoot = "";
			targets = (
				E6E8609D275774C1008391A9 /* COVID-19 */,
			);
		};
/* End PBXProject section */

/* Begin PBXResourcesBuildPhase section */
		E6E8609C275774C1008391A9 /* Resources */ = {
			isa = PBXResourcesBuildPhase;
			buildActionMask = 2147483647;
			files = (
				E6E860AE275774C2008391A9 /* LaunchScreen.storyboard in Resources */,
				E6E860AB275774C2008391A9 /* Assets.xcassets in Resources */,
				E6E860A9275774C1008391A9 /* Main.storyboard in Resources */,
			);
			runOnlyForDeploymentPostprocessing = 0;
		};
/* End PBXResourcesBuildPhase section */

/* Begin PBXShellScriptBuildPhase section */
		46C42278A85BAC47052965A2 /* [CP] Embed Pods Frameworks */ = {
			isa = PBXShellScriptBuildPhase;
			buildActionMask = 2147483647;
			files = (
			);
			inputFileListPaths = (
				"${PODS_ROOT}/Target Support Files/Pods-COVID-19/Pods-COVID-19-frameworks-${CONFIGURATION}-input-files.xcfilelist",
			);
			name = "[CP] Embed Pods Frameworks";
			outputFileListPaths = (
				"${PODS_ROOT}/Target Support Files/Pods-COVID-19/Pods-COVID-19-frameworks-${CONFIGURATION}-output-files.xcfilelist",
			);
			runOnlyForDeploymentPostprocessing = 0;
			shellPath = /bin/sh;
			shellScript = "\"${PODS_ROOT}/Target Support Files/Pods-COVID-19/Pods-COVID-19-frameworks.sh\"\n";
			showEnvVarsInLog = 0;
		};
		C65720428F4C61F88BC59E8F /* [CP] Check Pods Manifest.lock */ = {
			isa = PBXShellScriptBuildPhase;
			buildActionMask = 2147483647;
			files = (
			);
			inputFileListPaths = (
			);
			inputPaths = (
				"${PODS_PODFILE_DIR_PATH}/Podfile.lock",
				"${PODS_ROOT}/Manifest.lock",
			);
			name = "[CP] Check Pods Manifest.lock";
			outputFileListPaths = (
			);
			outputPaths = (
				"$(DERIVED_FILE_DIR)/Pods-COVID-19-checkManifestLockResult.txt",
			);
			runOnlyForDeploymentPostprocessing = 0;
			shellPath = /bin/sh;
			shellScript = "diff \"${PODS_PODFILE_DIR_PATH}/Podfile.lock\" \"${PODS_ROOT}/Manifest.lock\" > /dev/null\nif [ $? != 0 ] ; then\n    # print error to STDERR\n    echo \"error: The sandbox is not in sync with the Podfile.lock. Run 'pod install' or update your CocoaPods installation.\" >&2\n    exit 1\nfi\n# This output is used by Xcode 'outputs' to avoid re-running this script phase.\necho \"SUCCESS\" > \"${SCRIPT_OUTPUT_FILE_0}\"\n";
			showEnvVarsInLog = 0;
		};
/* End PBXShellScriptBuildPhase section */

/* Begin PBXSourcesBuildPhase section */
		E6E8609A275774C1008391A9 /* Sources */ = {
			isa = PBXSourcesBuildPhase;
			buildActionMask = 2147483647;
			files = (
				E6E860A6275774C1008391A9 /* ViewController.swift in Sources */,
				E6E860B6275777CF008391A9 /* CovidDetailViewController.swift in Sources */,
				E6E860A2275774C1008391A9 /* AppDelegate.swift in Sources */,
				E6E860B8275779C9008391A9 /* CityCovidOverview.swift in Sources */,
				E6E860A4275774C1008391A9 /* SceneDelegate.swift in Sources */,
			);
			runOnlyForDeploymentPostprocessing = 0;
		};
/* End PBXSourcesBuildPhase section */

/* Begin PBXVariantGroup section */
		E6E860A7275774C1008391A9 /* Main.storyboard */ = {
			isa = PBXVariantGroup;
			children = (
				E6E860A8275774C1008391A9 /* Base */,
			);
			name = Main.storyboard;
			sourceTree = "<group>";
		};
		E6E860AC275774C2008391A9 /* LaunchScreen.storyboard */ = {
			isa = PBXVariantGroup;
			children = (
				E6E860AD275774C2008391A9 /* Base */,
			);
			name = LaunchScreen.storyboard;
			sourceTree = "<group>";
		};
/* End PBXVariantGroup section */

/* Begin XCBuildConfiguration section */
		E6E860B0275774C2008391A9 /* Debug */ = {
			isa = XCBuildConfiguration;
			buildSettings = {
				ALWAYS_SEARCH_USER_PATHS = NO;
				CLANG_ANALYZER_NONNULL = YES;
				CLANG_ANALYZER_NUMBER_OBJECT_CONVERSION = YES_AGGRESSIVE;
				CLANG_CXX_LANGUAGE_STANDARD = "gnu++17";
				CLANG_CXX_LIBRARY = "libc++";
				CLANG_ENABLE_MODULES = YES;
				CLANG_ENABLE_OBJC_ARC = YES;
				CLANG_ENABLE_OBJC_WEAK = YES;
				CLANG_WARN_BLOCK_CAPTURE_AUTORELEASING = YES;
				CLANG_WARN_BOOL_CONVERSION = YES;
				CLANG_WARN_COMMA = YES;
				CLANG_WARN_CONSTANT_CONVERSION = YES;
				CLANG_WARN_DEPRECATED_OBJC_IMPLEMENTATIONS = YES;
				CLANG_WARN_DIRECT_OBJC_ISA_USAGE = YES_ERROR;
				CLANG_WARN_DOCUMENTATION_COMMENTS = YES;
				CLANG_WARN_EMPTY_BODY = YES;
				CLANG_WARN_ENUM_CONVERSION = YES;
				CLANG_WARN_INFINITE_RECURSION = YES;
				CLANG_WARN_INT_CONVERSION = YES;
				CLANG_WARN_NON_LITERAL_NULL_CONVERSION = YES;
				CLANG_WARN_OBJC_IMPLICIT_RETAIN_SELF = YES;
				CLANG_WARN_OBJC_LITERAL_CONVERSION = YES;
				CLANG_WARN_OBJC_ROOT_CLASS = YES_ERROR;
				CLANG_WARN_QUOTED_INCLUDE_IN_FRAMEWORK_HEADER = YES;
				CLANG_WARN_RANGE_LOOP_ANALYSIS = YES;
				CLANG_WARN_STRICT_PROTOTYPES = YES;
				CLANG_WARN_SUSPICIOUS_MOVE = YES;
				CLANG_WARN_UNGUARDED_AVAILABILITY = YES_AGGRESSIVE;
				CLANG_WARN_UNREACHABLE_CODE = YES;
				CLANG_WARN__DUPLICATE_METHOD_MATCH = YES;
				COPY_PHASE_STRIP = NO;
				DEBUG_INFORMATION_FORMAT = dwarf;
				ENABLE_STRICT_OBJC_MSGSEND = YES;
				ENABLE_TESTABILITY = YES;
				GCC_C_LANGUAGE_STANDARD = gnu11;
				GCC_DYNAMIC_NO_PIC = NO;
				GCC_NO_COMMON_BLOCKS = YES;
				GCC_OPTIMIZATION_LEVEL = 0;
				GCC_PREPROCESSOR_DEFINITIONS = (
					"DEBUG=1",
					"$(inherited)",
				);
				GCC_WARN_64_TO_32_BIT_CONVERSION = YES;
				GCC_WARN_ABOUT_RETURN_TYPE = YES_ERROR;
				GCC_WARN_UNDECLARED_SELECTOR = YES;
				GCC_WARN_UNINITIALIZED_AUTOS = YES_AGGRESSIVE;
				GCC_WARN_UNUSED_FUNCTION = YES;
				GCC_WARN_UNUSED_VARIABLE = YES;
				IPHONEOS_DEPLOYMENT_TARGET = 15.0;
				MTL_ENABLE_DEBUG_INFO = INCLUDE_SOURCE;
				MTL_FAST_MATH = YES;
				ONLY_ACTIVE_ARCH = YES;
				SDKROOT = iphoneos;
				SWIFT_ACTIVE_COMPILATION_CONDITIONS = DEBUG;
				SWIFT_OPTIMIZATION_LEVEL = "-Onone";
			};
			name = Debug;
		};
		E6E860B1275774C2008391A9 /* Release */ = {
			isa = XCBuildConfiguration;
			buildSettings = {
				ALWAYS_SEARCH_USER_PATHS = NO;
				CLANG_ANALYZER_NONNULL = YES;
				CLANG_ANALYZER_NUMBER_OBJECT_CONVERSION = YES_AGGRESSIVE;
				CLANG_CXX_LANGUAGE_STANDARD = "gnu++17";
				CLANG_CXX_LIBRARY = "libc++";
				CLANG_ENABLE_MODULES = YES;
				CLANG_ENABLE_OBJC_ARC = YES;
				CLANG_ENABLE_OBJC_WEAK = YES;
				CLANG_WARN_BLOCK_CAPTURE_AUTORELEASING = YES;
				CLANG_WARN_BOOL_CONVERSION = YES;
				CLANG_WARN_COMMA = YES;
				CLANG_WARN_CONSTANT_CONVERSION = YES;
				CLANG_WARN_DEPRECATED_OBJC_IMPLEMENTATIONS = YES;
				CLANG_WARN_DIRECT_OBJC_ISA_USAGE = YES_ERROR;
				CLANG_WARN_DOCUMENTATION_COMMENTS = YES;
				CLANG_WARN_EMPTY_BODY = YES;
				CLANG_WARN_ENUM_CONVERSION = YES;
				CLANG_WARN_INFINITE_RECURSION = YES;
				CLANG_WARN_INT_CONVERSION = YES;
				CLANG_WARN_NON_LITERAL_NULL_CONVERSION = YES;
				CLANG_WARN_OBJC_IMPLICIT_RETAIN_SELF = YES;
				CLANG_WARN_OBJC_LITERAL_CONVERSION = YES;
				CLANG_WARN_OBJC_ROOT_CLASS = YES_ERROR;
				CLANG_WARN_QUOTED_INCLUDE_IN_FRAMEWORK_HEADER = YES;
				CLANG_WARN_RANGE_LOOP_ANALYSIS = YES;
				CLANG_WARN_STRICT_PROTOTYPES = YES;
				CLANG_WARN_SUSPICIOUS_MOVE = YES;
				CLANG_WARN_UNGUARDED_AVAILABILITY = YES_AGGRESSIVE;
				CLANG_WARN_UNREACHABLE_CODE = YES;
				CLANG_WARN__DUPLICATE_METHOD_MATCH = YES;
				COPY_PHASE_STRIP = NO;
				DEBUG_INFORMATION_FORMAT = "dwarf-with-dsym";
				ENABLE_NS_ASSERTIONS = NO;
				ENABLE_STRICT_OBJC_MSGSEND = YES;
				GCC_C_LANGUAGE_STANDARD = gnu11;
				GCC_NO_COMMON_BLOCKS = YES;
				GCC_WARN_64_TO_32_BIT_CONVERSION = YES;
				GCC_WARN_ABOUT_RETURN_TYPE = YES_ERROR;
				GCC_WARN_UNDECLARED_SELECTOR = YES;
				GCC_WARN_UNINITIALIZED_AUTOS = YES_AGGRESSIVE;
				GCC_WARN_UNUSED_FUNCTION = YES;
				GCC_WARN_UNUSED_VARIABLE = YES;
				IPHONEOS_DEPLOYMENT_TARGET = 15.0;
				MTL_ENABLE_DEBUG_INFO = NO;
				MTL_FAST_MATH = YES;
				SDKROOT = iphoneos;
				SWIFT_COMPILATION_MODE = wholemodule;
				SWIFT_OPTIMIZATION_LEVEL = "-O";
				VALIDATE_PRODUCT = YES;
			};
			name = Release;
		};
		E6E860B3275774C2008391A9 /* Debug */ = {
			isa = XCBuildConfiguration;
			baseConfigurationReference = A60784414ABBA67B679DB1DA /* Pods-COVID-19.debug.xcconfig */;
			buildSettings = {
				ASSETCATALOG_COMPILER_APPICON_NAME = AppIcon;
				ASSETCATALOG_COMPILER_GLOBAL_ACCENT_COLOR_NAME = AccentColor;
				CODE_SIGN_STYLE = Automatic;
				CURRENT_PROJECT_VERSION = 1;
				DEVELOPMENT_TEAM = HQS8MXQ7B5;
				GENERATE_INFOPLIST_FILE = YES;
				INFOPLIST_FILE = "COVID-19/Info.plist";
				INFOPLIST_KEY_UIApplicationSupportsIndirectInputEvents = YES;
				INFOPLIST_KEY_UILaunchStoryboardName = LaunchScreen;
				INFOPLIST_KEY_UIMainStoryboardFile = Main;
				INFOPLIST_KEY_UISupportedInterfaceOrientations_iPad = "UIInterfaceOrientationPortrait UIInterfaceOrientationPortraitUpsideDown UIInterfaceOrientationLandscapeLeft UIInterfaceOrientationLandscapeRight";
				INFOPLIST_KEY_UISupportedInterfaceOrientations_iPhone = "UIInterfaceOrientationPortrait UIInterfaceOrientationLandscapeLeft UIInterfaceOrientationLandscapeRight";
				LD_RUNPATH_SEARCH_PATHS = (
					"$(inherited)",
					"@executable_path/Frameworks",
				);
				MARKETING_VERSION = 1.0;
				PRODUCT_BUNDLE_IDENTIFIER = "kr.co.hyebin.COVID-19";
				PRODUCT_NAME = "$(TARGET_NAME)";
				SWIFT_EMIT_LOC_STRINGS = YES;
				SWIFT_VERSION = 5.0;
				TARGETED_DEVICE_FAMILY = "1,2";
			};
			name = Debug;
		};
		E6E860B4275774C2008391A9 /* Release */ = {
			isa = XCBuildConfiguration;
			baseConfigurationReference = C757805F63814677B440EE21 /* Pods-COVID-19.release.xcconfig */;
			buildSettings = {
				ASSETCATALOG_COMPILER_APPICON_NAME = AppIcon;
				ASSETCATALOG_COMPILER_GLOBAL_ACCENT_COLOR_NAME = AccentColor;
				CODE_SIGN_STYLE = Automatic;
				CURRENT_PROJECT_VERSION = 1;
				DEVELOPMENT_TEAM = HQS8MXQ7B5;
				GENERATE_INFOPLIST_FILE = YES;
				INFOPLIST_FILE = "COVID-19/Info.plist";
				INFOPLIST_KEY_UIApplicationSupportsIndirectInputEvents = YES;
				INFOPLIST_KEY_UILaunchStoryboardName = LaunchScreen;
				INFOPLIST_KEY_UIMainStoryboardFile = Main;
				INFOPLIST_KEY_UISupportedInterfaceOrientations_iPad = "UIInterfaceOrientationPortrait UIInterfaceOrientationPortraitUpsideDown UIInterfaceOrientationLandscapeLeft UIInterfaceOrientationLandscapeRight";
				INFOPLIST_KEY_UISupportedInterfaceOrientations_iPhone = "UIInterfaceOrientationPortrait UIInterfaceOrientationLandscapeLeft UIInterfaceOrientationLandscapeRight";
				LD_RUNPATH_SEARCH_PATHS = (
					"$(inherited)",
					"@executable_path/Frameworks",
				);
				MARKETING_VERSION = 1.0;
				PRODUCT_BUNDLE_IDENTIFIER = "kr.co.hyebin.COVID-19";
				PRODUCT_NAME = "$(TARGET_NAME)";
				SWIFT_EMIT_LOC_STRINGS = YES;
				SWIFT_VERSION = 5.0;
				TARGETED_DEVICE_FAMILY = "1,2";
			};
			name = Release;
		};
/* End XCBuildConfiguration section */

/* Begin XCConfigurationList section */
		E6E86099275774C1008391A9 /* Build configuration list for PBXProject "COVID-19" */ = {
			isa = XCConfigurationList;
			buildConfigurations = (
				E6E860B0275774C2008391A9 /* Debug */,
				E6E860B1275774C2008391A9 /* Release */,
			);
			defaultConfigurationIsVisible = 0;
			defaultConfigurationName = Release;
		};
		E6E860B2275774C2008391A9 /* Build configuration list for PBXNativeTarget "COVID-19" */ = {
			isa = XCConfigurationList;
			buildConfigurations = (
				E6E860B3275774C2008391A9 /* Debug */,
				E6E860B4275774C2008391A9 /* Release */,
			);
			defaultConfigurationIsVisible = 0;
			defaultConfigurationName = Release;
		};
/* End XCConfigurationList section */
	};
	rootObject = E6E86096275774C1008391A9 /* Project object */;
}
