// !$*UTF8*$!
{
	archiveVersion = 1;
	classes = {
	};
	objectVersion = 55;
	objects = {

/* Begin PBXBuildFile section */
		549A63C3E50F2A1C2BFE6D91 /* Pods_LoginSampleApp.framework in Frameworks */ = {isa = PBXBuildFile; fileRef = 7FF60D29DA2787A7FDC09E91 /* Pods_LoginSampleApp.framework */; };
		E632FB5727608557009FABE4 /* EnterEmailViewController.swift in Sources */ = {isa = PBXBuildFile; fileRef = E632FB5627608557009FABE4 /* EnterEmailViewController.swift */; };
		E632FB5927608B3E009FABE4 /* MainViewController.swift in Sources */ = {isa = PBXBuildFile; fileRef = E632FB5827608B3E009FABE4 /* MainViewController.swift */; };
		E632FB5B27608DBB009FABE4 /* GoogleService-Info.plist in Resources */ = {isa = PBXBuildFile; fileRef = E632FB5A27608DBB009FABE4 /* GoogleService-Info.plist */; };
		E6B1FB00275DC9A40067112D /* AppDelegate.swift in Sources */ = {isa = PBXBuildFile; fileRef = E6B1FAFF275DC9A40067112D /* AppDelegate.swift */; };
		E6B1FB02275DC9A40067112D /* SceneDelegate.swift in Sources */ = {isa = PBXBuildFile; fileRef = E6B1FB01275DC9A40067112D /* SceneDelegate.swift */; };
		E6B1FB07275DC9A40067112D /* Main.storyboard in Resources */ = {isa = PBXBuildFile; fileRef = E6B1FB05275DC9A40067112D /* Main.storyboard */; };
		E6B1FB09275DC9A50067112D /* Assets.xcassets in Resources */ = {isa = PBXBuildFile; fileRef = E6B1FB08275DC9A50067112D /* Assets.xcassets */; };
		E6B1FB0C275DC9A50067112D /* LaunchScreen.storyboard in Resources */ = {isa = PBXBuildFile; fileRef = E6B1FB0A275DC9A50067112D /* LaunchScreen.storyboard */; };
		E6B1FB14275DC9E70067112D /* LoginViewController.swift in Sources */ = {isa = PBXBuildFile; fileRef = E6B1FB13275DC9E70067112D /* LoginViewController.swift */; };
/* End PBXBuildFile section */

/* Begin PBXFileReference section */
		7FF60D29DA2787A7FDC09E91 /* Pods_LoginSampleApp.framework */ = {isa = PBXFileReference; explicitFileType = wrapper.framework; includeInIndex = 0; path = Pods_LoginSampleApp.framework; sourceTree = BUILT_PRODUCTS_DIR; };
		E2437F9C028FE0976246604B /* Pods-LoginSampleApp.debug.xcconfig */ = {isa = PBXFileReference; includeInIndex = 1; lastKnownFileType = text.xcconfig; name = "Pods-LoginSampleApp.debug.xcconfig"; path = "Target Support Files/Pods-LoginSampleApp/Pods-LoginSampleApp.debug.xcconfig"; sourceTree = "<group>"; };
		E632FB5627608557009FABE4 /* EnterEmailViewController.swift */ = {isa = PBXFileReference; lastKnownFileType = sourcecode.swift; path = EnterEmailViewController.swift; sourceTree = "<group>"; };
		E632FB5827608B3E009FABE4 /* MainViewController.swift */ = {isa = PBXFileReference; lastKnownFileType = sourcecode.swift; path = MainViewController.swift; sourceTree = "<group>"; };
		E632FB5A27608DBB009FABE4 /* GoogleService-Info.plist */ = {isa = PBXFileReference; fileEncoding = 4; lastKnownFileType = text.plist.xml; path = "GoogleService-Info.plist"; sourceTree = "<group>"; };
		E6B1FAFC275DC9A40067112D /* LoginSampleApp.app */ = {isa = PBXFileReference; explicitFileType = wrapper.application; includeInIndex = 0; path = LoginSampleApp.app; sourceTree = BUILT_PRODUCTS_DIR; };
		E6B1FAFF275DC9A40067112D /* AppDelegate.swift */ = {isa = PBXFileReference; lastKnownFileType = sourcecode.swift; path = AppDelegate.swift; sourceTree = "<group>"; };
		E6B1FB01275DC9A40067112D /* SceneDelegate.swift */ = {isa = PBXFileReference; lastKnownFileType = sourcecode.swift; path = SceneDelegate.swift; sourceTree = "<group>"; };
		E6B1FB06275DC9A40067112D /* Base */ = {isa = PBXFileReference; lastKnownFileType = file.storyboard; name = Base; path = Base.lproj/Main.storyboard; sourceTree = "<group>"; };
		E6B1FB08275DC9A50067112D /* Assets.xcassets */ = {isa = PBXFileReference; lastKnownFileType = folder.assetcatalog; path = Assets.xcassets; sourceTree = "<group>"; };
		E6B1FB0B275DC9A50067112D /* Base */ = {isa = PBXFileReference; lastKnownFileType = file.storyboard; name = Base; path = Base.lproj/LaunchScreen.storyboard; sourceTree = "<group>"; };
		E6B1FB0D275DC9A50067112D /* Info.plist */ = {isa = PBXFileReference; lastKnownFileType = text.plist.xml; path = Info.plist; sourceTree = "<group>"; };
		E6B1FB13275DC9E70067112D /* LoginViewController.swift */ = {isa = PBXFileReference; lastKnownFileType = sourcecode.swift; path = LoginViewController.swift; sourceTree = "<group>"; };
		F06E187EBF25D98FEB3E8D39 /* Pods-LoginSampleApp.release.xcconfig */ = {isa = PBXFileReference; includeInIndex = 1; lastKnownFileType = text.xcconfig; name = "Pods-LoginSampleApp.release.xcconfig"; path = "Target Support Files/Pods-LoginSampleApp/Pods-LoginSampleApp.release.xcconfig"; sourceTree = "<group>"; };
/* End PBXFileReference section */

/* Begin PBXFrameworksBuildPhase section */
		E6B1FAF9275DC9A40067112D /* Frameworks */ = {
			isa = PBXFrameworksBuildPhase;
			buildActionMask = 2147483647;
			files = (
				549A63C3E50F2A1C2BFE6D91 /* Pods_LoginSampleApp.framework in Frameworks */,
			);
			runOnlyForDeploymentPostprocessing = 0;
		};
/* End PBXFrameworksBuildPhase section */

/* Begin PBXGroup section */
		6CEF927176BE88FD60D0D24E /* Frameworks */ = {
			isa = PBXGroup;
			children = (
				7FF60D29DA2787A7FDC09E91 /* Pods_LoginSampleApp.framework */,
			);
			name = Frameworks;
			sourceTree = "<group>";
		};
		B5BC7ED960C58D084282321D /* Pods */ = {
			isa = PBXGroup;
			children = (
				E2437F9C028FE0976246604B /* Pods-LoginSampleApp.debug.xcconfig */,
				F06E187EBF25D98FEB3E8D39 /* Pods-LoginSampleApp.release.xcconfig */,
			);
			path = Pods;
			sourceTree = "<group>";
		};
		E6B1FAF3275DC9A40067112D = {
			isa = PBXGroup;
			children = (
				E6B1FAFE275DC9A40067112D /* LoginSampleApp */,
				E6B1FAFD275DC9A40067112D /* Products */,
				B5BC7ED960C58D084282321D /* Pods */,
				6CEF927176BE88FD60D0D24E /* Frameworks */,
			);
			sourceTree = "<group>";
		};
		E6B1FAFD275DC9A40067112D /* Products */ = {
			isa = PBXGroup;
			children = (
				E6B1FAFC275DC9A40067112D /* LoginSampleApp.app */,
			);
			name = Products;
			sourceTree = "<group>";
		};
		E6B1FAFE275DC9A40067112D /* LoginSampleApp */ = {
			isa = PBXGroup;
			children = (
				E6B1FAFF275DC9A40067112D /* AppDelegate.swift */,
				E6B1FB01275DC9A40067112D /* SceneDelegate.swift */,
				E6B1FB05275DC9A40067112D /* Main.storyboard */,
				E6B1FB08275DC9A50067112D /* Assets.xcassets */,
				E6B1FB0A275DC9A50067112D /* LaunchScreen.storyboard */,
				E6B1FB0D275DC9A50067112D /* Info.plist */,
				E632FB5A27608DBB009FABE4 /* GoogleService-Info.plist */,
				E6B1FB13275DC9E70067112D /* LoginViewController.swift */,
				E632FB5627608557009FABE4 /* EnterEmailViewController.swift */,
				E632FB5827608B3E009FABE4 /* MainViewController.swift */,
			);
			path = LoginSampleApp;
			sourceTree = "<group>";
		};
/* End PBXGroup section */

/* Begin PBXNativeTarget section */
		E6B1FAFB275DC9A40067112D /* LoginSampleApp */ = {
			isa = PBXNativeTarget;
			buildConfigurationList = E6B1FB10275DC9A50067112D /* Build configuration list for PBXNativeTarget "LoginSampleApp" */;
			buildPhases = (
				6F194F7B994B4D444FA51ED2 /* [CP] Check Pods Manifest.lock */,
				E6B1FAF8275DC9A40067112D /* Sources */,
				E6B1FAF9275DC9A40067112D /* Frameworks */,
				E6B1FAFA275DC9A40067112D /* Resources */,
				2EC14A7B743DB8572011F65E /* [CP] Embed Pods Frameworks */,
				4BD271B82461D3F5AEF1187B /* [CP] Copy Pods Resources */,
			);
			buildRules = (
			);
			dependencies = (
			);
			name = LoginSampleApp;
			productName = LoginSampleApp;
			productReference = E6B1FAFC275DC9A40067112D /* LoginSampleApp.app */;
			productType = "com.apple.product-type.application";
		};
/* End PBXNativeTarget section */

/* Begin PBXProject section */
		E6B1FAF4275DC9A40067112D /* Project object */ = {
			isa = PBXProject;
			attributes = {
				BuildIndependentTargetsInParallel = 1;
				LastSwiftUpdateCheck = 1310;
				LastUpgradeCheck = 1310;
				TargetAttributes = {
					E6B1FAFB275DC9A40067112D = {
						CreatedOnToolsVersion = 13.1;
					};
				};
			};
			buildConfigurationList = E6B1FAF7275DC9A40067112D /* Build configuration list for PBXProject "LoginSampleApp" */;
			compatibilityVersion = "Xcode 13.0";
			developmentRegion = en;
			hasScannedForEncodings = 0;
			knownRegions = (
				en,
				Base,
			);
			mainGroup = E6B1FAF3275DC9A40067112D;
			productRefGroup = E6B1FAFD275DC9A40067112D /* Products */;
			projectDirPath = "";
			projectRoot = "";
			targets = (
				E6B1FAFB275DC9A40067112D /* LoginSampleApp */,
			);
		};
/* End PBXProject section */

/* Begin PBXResourcesBuildPhase section */
		E6B1FAFA275DC9A40067112D /* Resources */ = {
			isa = PBXResourcesBuildPhase;
			buildActionMask = 2147483647;
			files = (
				E6B1FB0C275DC9A50067112D /* LaunchScreen.storyboard in Resources */,
				E632FB5B27608DBB009FABE4 /* GoogleService-Info.plist in Resources */,
				E6B1FB09275DC9A50067112D /* Assets.xcassets in Resources */,
				E6B1FB07275DC9A40067112D /* Main.storyboard in Resources */,
			);
			runOnlyForDeploymentPostprocessing = 0;
		};
/* End PBXResourcesBuildPhase section */

/* Begin PBXShellScriptBuildPhase section */
		2EC14A7B743DB8572011F65E /* [CP] Embed Pods Frameworks */ = {
			isa = PBXShellScriptBuildPhase;
			buildActionMask = 2147483647;
			files = (
			);
			inputFileListPaths = (
				"${PODS_ROOT}/Target Support Files/Pods-LoginSampleApp/Pods-LoginSampleApp-frameworks-${CONFIGURATION}-input-files.xcfilelist",
			);
			name = "[CP] Embed Pods Frameworks";
			outputFileListPaths = (
				"${PODS_ROOT}/Target Support Files/Pods-LoginSampleApp/Pods-LoginSampleApp-frameworks-${CONFIGURATION}-output-files.xcfilelist",
			);
			runOnlyForDeploymentPostprocessing = 0;
			shellPath = /bin/sh;
			shellScript = "\"${PODS_ROOT}/Target Support Files/Pods-LoginSampleApp/Pods-LoginSampleApp-frameworks.sh\"\n";
			showEnvVarsInLog = 0;
		};
		4BD271B82461D3F5AEF1187B /* [CP] Copy Pods Resources */ = {
			isa = PBXShellScriptBuildPhase;
			buildActionMask = 2147483647;
			files = (
			);
			inputFileListPaths = (
				"${PODS_ROOT}/Target Support Files/Pods-LoginSampleApp/Pods-LoginSampleApp-resources-${CONFIGURATION}-input-files.xcfilelist",
			);
			name = "[CP] Copy Pods Resources";
			outputFileListPaths = (
				"${PODS_ROOT}/Target Support Files/Pods-LoginSampleApp/Pods-LoginSampleApp-resources-${CONFIGURATION}-output-files.xcfilelist",
			);
			runOnlyForDeploymentPostprocessing = 0;
			shellPath = /bin/sh;
			shellScript = "\"${PODS_ROOT}/Target Support Files/Pods-LoginSampleApp/Pods-LoginSampleApp-resources.sh\"\n";
			showEnvVarsInLog = 0;
		};
		6F194F7B994B4D444FA51ED2 /* [CP] Check Pods Manifest.lock */ = {
			isa = PBXShellScriptBuildPhase;
			buildActionMask = 2147483647;
			files = (
			);
			inputFileListPaths = (
			);
			inputPaths = (
				"${PODS_PODFILE_DIR_PATH}/Podfile.lock",
				"${PODS_ROOT}/Manifest.lock",
			);
			name = "[CP] Check Pods Manifest.lock";
			outputFileListPaths = (
			);
			outputPaths = (
				"$(DERIVED_FILE_DIR)/Pods-LoginSampleApp-checkManifestLockResult.txt",
			);
			runOnlyForDeploymentPostprocessing = 0;
			shellPath = /bin/sh;
			shellScript = "diff \"${PODS_PODFILE_DIR_PATH}/Podfile.lock\" \"${PODS_ROOT}/Manifest.lock\" > /dev/null\nif [ $? != 0 ] ; then\n    # print error to STDERR\n    echo \"error: The sandbox is not in sync with the Podfile.lock. Run 'pod install' or update your CocoaPods installation.\" >&2\n    exit 1\nfi\n# This output is used by Xcode 'outputs' to avoid re-running this script phase.\necho \"SUCCESS\" > \"${SCRIPT_OUTPUT_FILE_0}\"\n";
			showEnvVarsInLog = 0;
		};
/* End PBXShellScriptBuildPhase section */

/* Begin PBXSourcesBuildPhase section */
		E6B1FAF8275DC9A40067112D /* Sources */ = {
			isa = PBXSourcesBuildPhase;
			buildActionMask = 2147483647;
			files = (
				E6B1FB14275DC9E70067112D /* LoginViewController.swift in Sources */,
				E6B1FB00275DC9A40067112D /* AppDelegate.swift in Sources */,
				E632FB5727608557009FABE4 /* EnterEmailViewController.swift in Sources */,
				E6B1FB02275DC9A40067112D /* SceneDelegate.swift in Sources */,
				E632FB5927608B3E009FABE4 /* MainViewController.swift in Sources */,
			);
			runOnlyForDeploymentPostprocessing = 0;
		};
/* End PBXSourcesBuildPhase section */

/* Begin PBXVariantGroup section */
		E6B1FB05275DC9A40067112D /* Main.storyboard */ = {
			isa = PBXVariantGroup;
			children = (
				E6B1FB06275DC9A40067112D /* Base */,
			);
			name = Main.storyboard;
			sourceTree = "<group>";
		};
		E6B1FB0A275DC9A50067112D /* LaunchScreen.storyboard */ = {
			isa = PBXVariantGroup;
			children = (
				E6B1FB0B275DC9A50067112D /* Base */,
			);
			name = LaunchScreen.storyboard;
			sourceTree = "<group>";
		};
/* End PBXVariantGroup section */

/* Begin XCBuildConfiguration section */
		E6B1FB0E275DC9A50067112D /* Debug */ = {
			isa = XCBuildConfiguration;
			buildSettings = {
				ALWAYS_SEARCH_USER_PATHS = NO;
				CLANG_ANALYZER_NONNULL = YES;
				CLANG_ANALYZER_NUMBER_OBJECT_CONVERSION = YES_AGGRESSIVE;
				CLANG_CXX_LANGUAGE_STANDARD = "gnu++17";
				CLANG_CXX_LIBRARY = "libc++";
				CLANG_ENABLE_MODULES = YES;
				CLANG_ENABLE_OBJC_ARC = YES;
				CLANG_ENABLE_OBJC_WEAK = YES;
				CLANG_WARN_BLOCK_CAPTURE_AUTORELEASING = YES;
				CLANG_WARN_BOOL_CONVERSION = YES;
				CLANG_WARN_COMMA = YES;
				CLANG_WARN_CONSTANT_CONVERSION = YES;
				CLANG_WARN_DEPRECATED_OBJC_IMPLEMENTATIONS = YES;
				CLANG_WARN_DIRECT_OBJC_ISA_USAGE = YES_ERROR;
				CLANG_WARN_DOCUMENTATION_COMMENTS = YES;
				CLANG_WARN_EMPTY_BODY = YES;
				CLANG_WARN_ENUM_CONVERSION = YES;
				CLANG_WARN_INFINITE_RECURSION = YES;
				CLANG_WARN_INT_CONVERSION = YES;
				CLANG_WARN_NON_LITERAL_NULL_CONVERSION = YES;
				CLANG_WARN_OBJC_IMPLICIT_RETAIN_SELF = YES;
				CLANG_WARN_OBJC_LITERAL_CONVERSION = YES;
				CLANG_WARN_OBJC_ROOT_CLASS = YES_ERROR;
				CLANG_WARN_QUOTED_INCLUDE_IN_FRAMEWORK_HEADER = YES;
				CLANG_WARN_RANGE_LOOP_ANALYSIS = YES;
				CLANG_WARN_STRICT_PROTOTYPES = YES;
				CLANG_WARN_SUSPICIOUS_MOVE = YES;
				CLANG_WARN_UNGUARDED_AVAILABILITY = YES_AGGRESSIVE;
				CLANG_WARN_UNREACHABLE_CODE = YES;
				CLANG_WARN__DUPLICATE_METHOD_MATCH = YES;
				COPY_PHASE_STRIP = NO;
				DEBUG_INFORMATION_FORMAT = dwarf;
				ENABLE_STRICT_OBJC_MSGSEND = YES;
				ENABLE_TESTABILITY = YES;
				"EXCLUDED_ARCHS[sdk=iphonesimulator*]" = arm64;
				GCC_C_LANGUAGE_STANDARD = gnu11;
				GCC_DYNAMIC_NO_PIC = NO;
				GCC_NO_COMMON_BLOCKS = YES;
				GCC_OPTIMIZATION_LEVEL = 0;
				GCC_PREPROCESSOR_DEFINITIONS = (
					"DEBUG=1",
					"$(inherited)",
				);
				GCC_WARN_64_TO_32_BIT_CONVERSION = YES;
				GCC_WARN_ABOUT_RETURN_TYPE = YES_ERROR;
				GCC_WARN_UNDECLARED_SELECTOR = YES;
				GCC_WARN_UNINITIALIZED_AUTOS = YES_AGGRESSIVE;
				GCC_WARN_UNUSED_FUNCTION = YES;
				GCC_WARN_UNUSED_VARIABLE = YES;
				IPHONEOS_DEPLOYMENT_TARGET = 15.0;
				MTL_ENABLE_DEBUG_INFO = INCLUDE_SOURCE;
				MTL_FAST_MATH = YES;
				ONLY_ACTIVE_ARCH = YES;
				SDKROOT = iphoneos;
				SWIFT_ACTIVE_COMPILATION_CONDITIONS = DEBUG;
				SWIFT_OPTIMIZATION_LEVEL = "-Onone";
			};
			name = Debug;
		};
		E6B1FB0F275DC9A50067112D /* Release */ = {
			isa = XCBuildConfiguration;
			buildSettings = {
				ALWAYS_SEARCH_USER_PATHS = NO;
				CLANG_ANALYZER_NONNULL = YES;
				CLANG_ANALYZER_NUMBER_OBJECT_CONVERSION = YES_AGGRESSIVE;
				CLANG_CXX_LANGUAGE_STANDARD = "gnu++17";
				CLANG_CXX_LIBRARY = "libc++";
				CLANG_ENABLE_MODULES = YES;
				CLANG_ENABLE_OBJC_ARC = YES;
				CLANG_ENABLE_OBJC_WEAK = YES;
				CLANG_WARN_BLOCK_CAPTURE_AUTORELEASING = YES;
				CLANG_WARN_BOOL_CONVERSION = YES;
				CLANG_WARN_COMMA = YES;
				CLANG_WARN_CONSTANT_CONVERSION = YES;
				CLANG_WARN_DEPRECATED_OBJC_IMPLEMENTATIONS = YES;
				CLANG_WARN_DIRECT_OBJC_ISA_USAGE = YES_ERROR;
				CLANG_WARN_DOCUMENTATION_COMMENTS = YES;
				CLANG_WARN_EMPTY_BODY = YES;
				CLANG_WARN_ENUM_CONVERSION = YES;
				CLANG_WARN_INFINITE_RECURSION = YES;
				CLANG_WARN_INT_CONVERSION = YES;
				CLANG_WARN_NON_LITERAL_NULL_CONVERSION = YES;
				CLANG_WARN_OBJC_IMPLICIT_RETAIN_SELF = YES;
				CLANG_WARN_OBJC_LITERAL_CONVERSION = YES;
				CLANG_WARN_OBJC_ROOT_CLASS = YES_ERROR;
				CLANG_WARN_QUOTED_INCLUDE_IN_FRAMEWORK_HEADER = YES;
				CLANG_WARN_RANGE_LOOP_ANALYSIS = YES;
				CLANG_WARN_STRICT_PROTOTYPES = YES;
				CLANG_WARN_SUSPICIOUS_MOVE = YES;
				CLANG_WARN_UNGUARDED_AVAILABILITY = YES_AGGRESSIVE;
				CLANG_WARN_UNREACHABLE_CODE = YES;
				CLANG_WARN__DUPLICATE_METHOD_MATCH = YES;
				COPY_PHASE_STRIP = NO;
				DEBUG_INFORMATION_FORMAT = "dwarf-with-dsym";
				ENABLE_NS_ASSERTIONS = NO;
				ENABLE_STRICT_OBJC_MSGSEND = YES;
				"EXCLUDED_ARCHS[sdk=iphonesimulator*]" = arm64;
				GCC_C_LANGUAGE_STANDARD = gnu11;
				GCC_NO_COMMON_BLOCKS = YES;
				GCC_WARN_64_TO_32_BIT_CONVERSION = YES;
				GCC_WARN_ABOUT_RETURN_TYPE = YES_ERROR;
				GCC_WARN_UNDECLARED_SELECTOR = YES;
				GCC_WARN_UNINITIALIZED_AUTOS = YES_AGGRESSIVE;
				GCC_WARN_UNUSED_FUNCTION = YES;
				GCC_WARN_UNUSED_VARIABLE = YES;
				IPHONEOS_DEPLOYMENT_TARGET = 15.0;
				MTL_ENABLE_DEBUG_INFO = NO;
				MTL_FAST_MATH = YES;
				SDKROOT = iphoneos;
				SWIFT_COMPILATION_MODE = wholemodule;
				SWIFT_OPTIMIZATION_LEVEL = "-O";
				VALIDATE_PRODUCT = YES;
			};
			name = Release;
		};
		E6B1FB11275DC9A50067112D /* Debug */ = {
			isa = XCBuildConfiguration;
			baseConfigurationReference = E2437F9C028FE0976246604B /* Pods-LoginSampleApp.debug.xcconfig */;
			buildSettings = {
				ASSETCATALOG_COMPILER_APPICON_NAME = AppIcon;
				ASSETCATALOG_COMPILER_GLOBAL_ACCENT_COLOR_NAME = AccentColor;
				CODE_SIGN_STYLE = Automatic;
				CURRENT_PROJECT_VERSION = 1;
				DEVELOPMENT_TEAM = HQS8MXQ7B5;
				GENERATE_INFOPLIST_FILE = YES;
				INFOPLIST_FILE = LoginSampleApp/Info.plist;
				INFOPLIST_KEY_UIApplicationSupportsIndirectInputEvents = YES;
				INFOPLIST_KEY_UILaunchStoryboardName = LaunchScreen;
				INFOPLIST_KEY_UIMainStoryboardFile = Main;
				INFOPLIST_KEY_UISupportedInterfaceOrientations_iPad = "UIInterfaceOrientationPortrait UIInterfaceOrientationPortraitUpsideDown UIInterfaceOrientationLandscapeLeft UIInterfaceOrientationLandscapeRight";
				INFOPLIST_KEY_UISupportedInterfaceOrientations_iPhone = "UIInterfaceOrientationPortrait UIInterfaceOrientationLandscapeLeft UIInterfaceOrientationLandscapeRight";
				LD_RUNPATH_SEARCH_PATHS = (
					"$(inherited)",
					"@executable_path/Frameworks",
				);
				MARKETING_VERSION = 1.0;
				PRODUCT_BUNDLE_IDENTIFIER = kr.co.hyebin.LoginSampleApp;
				PRODUCT_NAME = "$(TARGET_NAME)";
				SWIFT_EMIT_LOC_STRINGS = YES;
				SWIFT_VERSION = 5.0;
				TARGETED_DEVICE_FAMILY = "1,2";
			};
			name = Debug;
		};
		E6B1FB12275DC9A50067112D /* Release */ = {
			isa = XCBuildConfiguration;
			baseConfigurationReference = F06E187EBF25D98FEB3E8D39 /* Pods-LoginSampleApp.release.xcconfig */;
			buildSettings = {
				ASSETCATALOG_COMPILER_APPICON_NAME = AppIcon;
				ASSETCATALOG_COMPILER_GLOBAL_ACCENT_COLOR_NAME = AccentColor;
				CODE_SIGN_STYLE = Automatic;
				CURRENT_PROJECT_VERSION = 1;
				DEVELOPMENT_TEAM = HQS8MXQ7B5;
				GENERATE_INFOPLIST_FILE = YES;
				INFOPLIST_FILE = LoginSampleApp/Info.plist;
				INFOPLIST_KEY_UIApplicationSupportsIndirectInputEvents = YES;
				INFOPLIST_KEY_UILaunchStoryboardName = LaunchScreen;
				INFOPLIST_KEY_UIMainStoryboardFile = Main;
				INFOPLIST_KEY_UISupportedInterfaceOrientations_iPad = "UIInterfaceOrientationPortrait UIInterfaceOrientationPortraitUpsideDown UIInterfaceOrientationLandscapeLeft UIInterfaceOrientationLandscapeRight";
				INFOPLIST_KEY_UISupportedInterfaceOrientations_iPhone = "UIInterfaceOrientationPortrait UIInterfaceOrientationLandscapeLeft UIInterfaceOrientationLandscapeRight";
				LD_RUNPATH_SEARCH_PATHS = (
					"$(inherited)",
					"@executable_path/Frameworks",
				);
				MARKETING_VERSION = 1.0;
				PRODUCT_BUNDLE_IDENTIFIER = kr.co.hyebin.LoginSampleApp;
				PRODUCT_NAME = "$(TARGET_NAME)";
				SWIFT_EMIT_LOC_STRINGS = YES;
				SWIFT_VERSION = 5.0;
				TARGETED_DEVICE_FAMILY = "1,2";
			};
			name = Release;
		};
/* End XCBuildConfiguration section */

/* Begin XCConfigurationList section */
		E6B1FAF7275DC9A40067112D /* Build configuration list for PBXProject "LoginSampleApp" */ = {
			isa = XCConfigurationList;
			buildConfigurations = (
				E6B1FB0E275DC9A50067112D /* Debug */,
				E6B1FB0F275DC9A50067112D /* Release */,
			);
			defaultConfigurationIsVisible = 0;
			defaultConfigurationName = Release;
		};
		E6B1FB10275DC9A50067112D /* Build configuration list for PBXNativeTarget "LoginSampleApp" */ = {
			isa = XCConfigurationList;
			buildConfigurations = (
				E6B1FB11275DC9A50067112D /* Debug */,
				E6B1FB12275DC9A50067112D /* Release */,
			);
			defaultConfigurationIsVisible = 0;
			defaultConfigurationName = Release;
		};
/* End XCConfigurationList section */
	};
	rootObject = E6B1FAF4275DC9A40067112D /* Project object */;
}
