// !$*UTF8*$!
{
	archiveVersion = 1;
	classes = {
	};
	objectVersion = 56;
	objects = {

/* Begin PBXBuildFile section */
		E6061B8A296EA70A0040AE36 /* AppDelegate.swift in Sources */ = {isa = PBXBuildFile; fileRef = E6061B89296EA70A0040AE36 /* AppDelegate.swift */; };
		E6061B8C296EA70A0040AE36 /* SceneDelegate.swift in Sources */ = {isa = PBXBuildFile; fileRef = E6061B8B296EA70A0040AE36 /* SceneDelegate.swift */; };
		E6061B93296EA70B0040AE36 /* Assets.xcassets in Resources */ = {isa = PBXBuildFile; fileRef = E6061B92296EA70B0040AE36 /* Assets.xcassets */; };
		E6061B96296EA70B0040AE36 /* LaunchScreen.storyboard in Resources */ = {isa = PBXBuildFile; fileRef = E6061B94296EA70B0040AE36 /* LaunchScreen.storyboard */; };
		E6061BA3296EAB820040AE36 /* SnapKit in Frameworks */ = {isa = PBXBuildFile; productRef = E6061BA2296EAB820040AE36 /* SnapKit */; };
		E6061BA6296EAB960040AE36 /* Alamofire in Frameworks */ = {isa = PBXBuildFile; productRef = E6061BA5296EAB960040AE36 /* Alamofire */; };
		E6061BA8296EAC690040AE36 /* TabBarController.swift in Sources */ = {isa = PBXBuildFile; fileRef = E6061BA7296EAC690040AE36 /* TabBarController.swift */; };
		E6061BAB296EAF150040AE36 /* TranslateViewController.swift in Sources */ = {isa = PBXBuildFile; fileRef = E6061BAA296EAF150040AE36 /* TranslateViewController.swift */; };
		E6061BAE296EB3AE0040AE36 /* UIColor+.swift in Sources */ = {isa = PBXBuildFile; fileRef = E6061BAD296EB3AE0040AE36 /* UIColor+.swift */; };
		E6061BB1296EC9320040AE36 /* SourceTextViewController.swift in Sources */ = {isa = PBXBuildFile; fileRef = E6061BB0296EC9320040AE36 /* SourceTextViewController.swift */; };
		E6506D58296ED17E0079E137 /* Language.swift in Sources */ = {isa = PBXBuildFile; fileRef = E6506D57296ED17E0079E137 /* Language.swift */; };
		E6506D5A296ED3560079E137 /* Type.swift in Sources */ = {isa = PBXBuildFile; fileRef = E6506D59296ED3560079E137 /* Type.swift */; };
		E6506D5C296ED4B60079E137 /* Bookmark.swift in Sources */ = {isa = PBXBuildFile; fileRef = E6506D5B296ED4B60079E137 /* Bookmark.swift */; };
		E6506D5E296ED5C20079E137 /* UserDefaults+.swift in Sources */ = {isa = PBXBuildFile; fileRef = E6506D5D296ED5C20079E137 /* UserDefaults+.swift */; };
		E6506D61296ED7500079E137 /* BookmarkListViewController.swift in Sources */ = {isa = PBXBuildFile; fileRef = E6506D60296ED7500079E137 /* BookmarkListViewController.swift */; };
		E6506D63296ED8DD0079E137 /* BookmarkCollectionViewCell.swift in Sources */ = {isa = PBXBuildFile; fileRef = E6506D62296ED8DD0079E137 /* BookmarkCollectionViewCell.swift */; };
		E6506D65296EDB400079E137 /* BookmarkTextStackView.swift in Sources */ = {isa = PBXBuildFile; fileRef = E6506D64296EDB400079E137 /* BookmarkTextStackView.swift */; };
		E6506D67296FD2770079E137 /* TranslateRequestModel.swift in Sources */ = {isa = PBXBuildFile; fileRef = E6506D66296FD2770079E137 /* TranslateRequestModel.swift */; };
		E6506D69296FD2800079E137 /* TranslateReponseModel.swift in Sources */ = {isa = PBXBuildFile; fileRef = E6506D68296FD2800079E137 /* TranslateReponseModel.swift */; };
		E6506D6B296FD3090079E137 /* TranslatorManager.swift in Sources */ = {isa = PBXBuildFile; fileRef = E6506D6A296FD3090079E137 /* TranslatorManager.swift */; };
		E6506D6F296FD8700079E137 /* Localizable.strings in Resources */ = {isa = PBXBuildFile; fileRef = E6506D71296FD8700079E137 /* Localizable.strings */; };
/* End PBXBuildFile section */

/* Begin PBXFileReference section */
		E6061B86296EA70A0040AE36 /* Translator.app */ = {isa = PBXFileReference; explicitFileType = wrapper.application; includeInIndex = 0; path = Translator.app; sourceTree = BUILT_PRODUCTS_DIR; };
		E6061B89296EA70A0040AE36 /* AppDelegate.swift */ = {isa = PBXFileReference; lastKnownFileType = sourcecode.swift; path = AppDelegate.swift; sourceTree = "<group>"; };
		E6061B8B296EA70A0040AE36 /* SceneDelegate.swift */ = {isa = PBXFileReference; lastKnownFileType = sourcecode.swift; path = SceneDelegate.swift; sourceTree = "<group>"; };
		E6061B92296EA70B0040AE36 /* Assets.xcassets */ = {isa = PBXFileReference; lastKnownFileType = folder.assetcatalog; path = Assets.xcassets; sourceTree = "<group>"; };
		E6061B95296EA70B0040AE36 /* Base */ = {isa = PBXFileReference; lastKnownFileType = file.storyboard; name = Base; path = Base.lproj/LaunchScreen.storyboard; sourceTree = "<group>"; };
		E6061B97296EA70B0040AE36 /* Info.plist */ = {isa = PBXFileReference; lastKnownFileType = text.plist.xml; path = Info.plist; sourceTree = "<group>"; };
		E6061BA7296EAC690040AE36 /* TabBarController.swift */ = {isa = PBXFileReference; lastKnownFileType = sourcecode.swift; path = TabBarController.swift; sourceTree = "<group>"; };
		E6061BAA296EAF150040AE36 /* TranslateViewController.swift */ = {isa = PBXFileReference; lastKnownFileType = sourcecode.swift; path = TranslateViewController.swift; sourceTree = "<group>"; };
		E6061BAD296EB3AE0040AE36 /* UIColor+.swift */ = {isa = PBXFileReference; lastKnownFileType = sourcecode.swift; path = "UIColor+.swift"; sourceTree = "<group>"; };
		E6061BB0296EC9320040AE36 /* SourceTextViewController.swift */ = {isa = PBXFileReference; lastKnownFileType = sourcecode.swift; path = SourceTextViewController.swift; sourceTree = "<group>"; };
		E6506D57296ED17E0079E137 /* Language.swift */ = {isa = PBXFileReference; lastKnownFileType = sourcecode.swift; path = Language.swift; sourceTree = "<group>"; };
		E6506D59296ED3560079E137 /* Type.swift */ = {isa = PBXFileReference; lastKnownFileType = sourcecode.swift; path = Type.swift; sourceTree = "<group>"; };
		E6506D5B296ED4B60079E137 /* Bookmark.swift */ = {isa = PBXFileReference; lastKnownFileType = sourcecode.swift; path = Bookmark.swift; sourceTree = "<group>"; };
		E6506D5D296ED5C20079E137 /* UserDefaults+.swift */ = {isa = PBXFileReference; lastKnownFileType = sourcecode.swift; path = "UserDefaults+.swift"; sourceTree = "<group>"; };
		E6506D60296ED7500079E137 /* BookmarkListViewController.swift */ = {isa = PBXFileReference; lastKnownFileType = sourcecode.swift; path = BookmarkListViewController.swift; sourceTree = "<group>"; };
		E6506D62296ED8DD0079E137 /* BookmarkCollectionViewCell.swift */ = {isa = PBXFileReference; lastKnownFileType = sourcecode.swift; path = BookmarkCollectionViewCell.swift; sourceTree = "<group>"; };
		E6506D64296EDB400079E137 /* BookmarkTextStackView.swift */ = {isa = PBXFileReference; lastKnownFileType = sourcecode.swift; path = BookmarkTextStackView.swift; sourceTree = "<group>"; };
		E6506D66296FD2770079E137 /* TranslateRequestModel.swift */ = {isa = PBXFileReference; lastKnownFileType = sourcecode.swift; path = TranslateRequestModel.swift; sourceTree = "<group>"; };
		E6506D68296FD2800079E137 /* TranslateReponseModel.swift */ = {isa = PBXFileReference; lastKnownFileType = sourcecode.swift; path = TranslateReponseModel.swift; sourceTree = "<group>"; };
		E6506D6A296FD3090079E137 /* TranslatorManager.swift */ = {isa = PBXFileReference; lastKnownFileType = sourcecode.swift; path = TranslatorManager.swift; sourceTree = "<group>"; };
		E6506D6C296FD78C0079E137 /* ko */ = {isa = PBXFileReference; lastKnownFileType = text.plist.strings; name = ko; path = ko.lproj/LaunchScreen.strings; sourceTree = "<group>"; };
		E6506D70296FD8700079E137 /* en */ = {isa = PBXFileReference; lastKnownFileType = text.plist.strings; name = en; path = en.lproj/Localizable.strings; sourceTree = "<group>"; };
		E6506D72296FD8740079E137 /* ko */ = {isa = PBXFileReference; lastKnownFileType = text.plist.strings; name = ko; path = ko.lproj/Localizable.strings; sourceTree = "<group>"; };
/* End PBXFileReference section */

/* Begin PBXFrameworksBuildPhase section */
		E6061B83296EA70A0040AE36 /* Frameworks */ = {
			isa = PBXFrameworksBuildPhase;
			buildActionMask = 2147483647;
			files = (
				E6061BA3296EAB820040AE36 /* SnapKit in Frameworks */,
				E6061BA6296EAB960040AE36 /* Alamofire in Frameworks */,
			);
			runOnlyForDeploymentPostprocessing = 0;
		};
/* End PBXFrameworksBuildPhase section */

/* Begin PBXGroup section */
		E6061B7D296EA70A0040AE36 = {
			isa = PBXGroup;
			children = (
				E6061B88296EA70A0040AE36 /* Translator */,
				E6061B87296EA70A0040AE36 /* Products */,
			);
			sourceTree = "<group>";
		};
		E6061B87296EA70A0040AE36 /* Products */ = {
			isa = PBXGroup;
			children = (
				E6061B86296EA70A0040AE36 /* Translator.app */,
			);
			name = Products;
			sourceTree = "<group>";
		};
		E6061B88296EA70A0040AE36 /* Translator */ = {
			isa = PBXGroup;
			children = (
				E6061B89296EA70A0040AE36 /* AppDelegate.swift */,
				E6061B8B296EA70A0040AE36 /* SceneDelegate.swift */,
				E6061B92296EA70B0040AE36 /* Assets.xcassets */,
				E6061B94296EA70B0040AE36 /* LaunchScreen.storyboard */,
				E6061B97296EA70B0040AE36 /* Info.plist */,
				E6506D56296ED16E0079E137 /* Entities */,
				E6061BAC296EB3990040AE36 /* Extension */,
				E6061BA9296EAEFA0040AE36 /* Scenes */,
				E6506D6A296FD3090079E137 /* TranslatorManager.swift */,
				E6506D71296FD8700079E137 /* Localizable.strings */,
			);
			path = Translator;
			sourceTree = "<group>";
		};
		E6061BA9296EAEFA0040AE36 /* Scenes */ = {
			isa = PBXGroup;
			children = (
				E6061BA7296EAC690040AE36 /* TabBarController.swift */,
				E6061BAF296EC9180040AE36 /* Translate */,
				E6506D5F296ED7370079E137 /* Bookmark */,
			);
			path = Scenes;
			sourceTree = "<group>";
		};
		E6061BAC296EB3990040AE36 /* Extension */ = {
			isa = PBXGroup;
			children = (
				E6061BAD296EB3AE0040AE36 /* UIColor+.swift */,
				E6506D5D296ED5C20079E137 /* UserDefaults+.swift */,
			);
			path = Extension;
			sourceTree = "<group>";
		};
		E6061BAF296EC9180040AE36 /* Translate */ = {
			isa = PBXGroup;
			children = (
				E6061BAA296EAF150040AE36 /* TranslateViewController.swift */,
				E6061BB0296EC9320040AE36 /* SourceTextViewController.swift */,
			);
			path = Translate;
			sourceTree = "<group>";
		};
		E6506D56296ED16E0079E137 /* Entities */ = {
			isa = PBXGroup;
			children = (
				E6506D57296ED17E0079E137 /* Language.swift */,
				E6506D59296ED3560079E137 /* Type.swift */,
				E6506D5B296ED4B60079E137 /* Bookmark.swift */,
				E6506D66296FD2770079E137 /* TranslateRequestModel.swift */,
				E6506D68296FD2800079E137 /* TranslateReponseModel.swift */,
			);
			path = Entities;
			sourceTree = "<group>";
		};
		E6506D5F296ED7370079E137 /* Bookmark */ = {
			isa = PBXGroup;
			children = (
				E6506D60296ED7500079E137 /* BookmarkListViewController.swift */,
				E6506D62296ED8DD0079E137 /* BookmarkCollectionViewCell.swift */,
				E6506D64296EDB400079E137 /* BookmarkTextStackView.swift */,
			);
			path = Bookmark;
			sourceTree = "<group>";
		};
/* End PBXGroup section */

/* Begin PBXNativeTarget section */
		E6061B85296EA70A0040AE36 /* Translator */ = {
			isa = PBXNativeTarget;
			buildConfigurationList = E6061B9A296EA70B0040AE36 /* Build configuration list for PBXNativeTarget "Translator" */;
			buildPhases = (
				E6061B82296EA70A0040AE36 /* Sources */,
				E6061B83296EA70A0040AE36 /* Frameworks */,
				E6061B84296EA70A0040AE36 /* Resources */,
			);
			buildRules = (
			);
			dependencies = (
			);
			name = Translator;
			packageProductDependencies = (
				E6061BA2296EAB820040AE36 /* SnapKit */,
				E6061BA5296EAB960040AE36 /* Alamofire */,
			);
			productName = Translator;
			productReference = E6061B86296EA70A0040AE36 /* Translator.app */;
			productType = "com.apple.product-type.application";
		};
/* End PBXNativeTarget section */

/* Begin PBXProject section */
		E6061B7E296EA70A0040AE36 /* Project object */ = {
			isa = PBXProject;
			attributes = {
				BuildIndependentTargetsInParallel = 1;
				LastSwiftUpdateCheck = 1420;
				LastUpgradeCheck = 1420;
				TargetAttributes = {
					E6061B85296EA70A0040AE36 = {
						CreatedOnToolsVersion = 14.2;
					};
				};
			};
			buildConfigurationList = E6061B81296EA70A0040AE36 /* Build configuration list for PBXProject "Translator" */;
			compatibilityVersion = "Xcode 14.0";
			developmentRegion = en;
			hasScannedForEncodings = 0;
			knownRegions = (
				en,
				Base,
				ko,
			);
			mainGroup = E6061B7D296EA70A0040AE36;
			packageReferences = (
				E6061BA1296EAB820040AE36 /* XCRemoteSwiftPackageReference "SnapKit" */,
				E6061BA4296EAB960040AE36 /* XCRemoteSwiftPackageReference "Alamofire" */,
			);
			productRefGroup = E6061B87296EA70A0040AE36 /* Products */;
			projectDirPath = "";
			projectRoot = "";
			targets = (
				E6061B85296EA70A0040AE36 /* Translator */,
			);
		};
/* End PBXProject section */

/* Begin PBXResourcesBuildPhase section */
		E6061B84296EA70A0040AE36 /* Resources */ = {
			isa = PBXResourcesBuildPhase;
			buildActionMask = 2147483647;
			files = (
				E6061B96296EA70B0040AE36 /* LaunchScreen.storyboard in Resources */,
				E6506D6F296FD8700079E137 /* Localizable.strings in Resources */,
				E6061B93296EA70B0040AE36 /* Assets.xcassets in Resources */,
			);
			runOnlyForDeploymentPostprocessing = 0;
		};
/* End PBXResourcesBuildPhase section */

/* Begin PBXSourcesBuildPhase section */
		E6061B82296EA70A0040AE36 /* Sources */ = {
			isa = PBXSourcesBuildPhase;
			buildActionMask = 2147483647;
			files = (
				E6506D61296ED7500079E137 /* BookmarkListViewController.swift in Sources */,
				E6061BA8296EAC690040AE36 /* TabBarController.swift in Sources */,
				E6506D67296FD2770079E137 /* TranslateRequestModel.swift in Sources */,
				E6061BAB296EAF150040AE36 /* TranslateViewController.swift in Sources */,
				E6506D5E296ED5C20079E137 /* UserDefaults+.swift in Sources */,
				E6061BB1296EC9320040AE36 /* SourceTextViewController.swift in Sources */,
				E6506D58296ED17E0079E137 /* Language.swift in Sources */,
				E6506D6B296FD3090079E137 /* TranslatorManager.swift in Sources */,
				E6506D65296EDB400079E137 /* BookmarkTextStackView.swift in Sources */,
				E6061B8A296EA70A0040AE36 /* AppDelegate.swift in Sources */,
				E6061B8C296EA70A0040AE36 /* SceneDelegate.swift in Sources */,
				E6506D63296ED8DD0079E137 /* BookmarkCollectionViewCell.swift in Sources */,
				E6061BAE296EB3AE0040AE36 /* UIColor+.swift in Sources */,
				E6506D5A296ED3560079E137 /* Type.swift in Sources */,
				E6506D5C296ED4B60079E137 /* Bookmark.swift in Sources */,
				E6506D69296FD2800079E137 /* TranslateReponseModel.swift in Sources */,
			);
			runOnlyForDeploymentPostprocessing = 0;
		};
/* End PBXSourcesBuildPhase section */

/* Begin PBXVariantGroup section */
		E6061B94296EA70B0040AE36 /* LaunchScreen.storyboard */ = {
			isa = PBXVariantGroup;
			children = (
				E6061B95296EA70B0040AE36 /* Base */,
				E6506D6C296FD78C0079E137 /* ko */,
			);
			name = LaunchScreen.storyboard;
			sourceTree = "<group>";
		};
		E6506D71296FD8700079E137 /* Localizable.strings */ = {
			isa = PBXVariantGroup;
			children = (
				E6506D70296FD8700079E137 /* en */,
				E6506D72296FD8740079E137 /* ko */,
			);
			name = Localizable.strings;
			sourceTree = "<group>";
		};
/* End PBXVariantGroup section */

/* Begin XCBuildConfiguration section */
		E6061B98296EA70B0040AE36 /* Debug */ = {
			isa = XCBuildConfiguration;
			buildSettings = {
				ALWAYS_SEARCH_USER_PATHS = NO;
				CLANG_ANALYZER_LOCALIZABILITY_NONLOCALIZED = YES;
				CLANG_ANALYZER_NONNULL = YES;
				CLANG_ANALYZER_NUMBER_OBJECT_CONVERSION = YES_AGGRESSIVE;
				CLANG_CXX_LANGUAGE_STANDARD = "gnu++20";
				CLANG_ENABLE_MODULES = YES;
				CLANG_ENABLE_OBJC_ARC = YES;
				CLANG_ENABLE_OBJC_WEAK = YES;
				CLANG_WARN_BLOCK_CAPTURE_AUTORELEASING = YES;
				CLANG_WARN_BOOL_CONVERSION = YES;
				CLANG_WARN_COMMA = YES;
				CLANG_WARN_CONSTANT_CONVERSION = YES;
				CLANG_WARN_DEPRECATED_OBJC_IMPLEMENTATIONS = YES;
				CLANG_WARN_DIRECT_OBJC_ISA_USAGE = YES_ERROR;
				CLANG_WARN_DOCUMENTATION_COMMENTS = YES;
				CLANG_WARN_EMPTY_BODY = YES;
				CLANG_WARN_ENUM_CONVERSION = YES;
				CLANG_WARN_INFINITE_RECURSION = YES;
				CLANG_WARN_INT_CONVERSION = YES;
				CLANG_WARN_NON_LITERAL_NULL_CONVERSION = YES;
				CLANG_WARN_OBJC_IMPLICIT_RETAIN_SELF = YES;
				CLANG_WARN_OBJC_LITERAL_CONVERSION = YES;
				CLANG_WARN_OBJC_ROOT_CLASS = YES_ERROR;
				CLANG_WARN_QUOTED_INCLUDE_IN_FRAMEWORK_HEADER = YES;
				CLANG_WARN_RANGE_LOOP_ANALYSIS = YES;
				CLANG_WARN_STRICT_PROTOTYPES = YES;
				CLANG_WARN_SUSPICIOUS_MOVE = YES;
				CLANG_WARN_UNGUARDED_AVAILABILITY = YES_AGGRESSIVE;
				CLANG_WARN_UNREACHABLE_CODE = YES;
				CLANG_WARN__DUPLICATE_METHOD_MATCH = YES;
				COPY_PHASE_STRIP = NO;
				DEBUG_INFORMATION_FORMAT = dwarf;
				ENABLE_STRICT_OBJC_MSGSEND = YES;
				ENABLE_TESTABILITY = YES;
				GCC_C_LANGUAGE_STANDARD = gnu11;
				GCC_DYNAMIC_NO_PIC = NO;
				GCC_NO_COMMON_BLOCKS = YES;
				GCC_OPTIMIZATION_LEVEL = 0;
				GCC_PREPROCESSOR_DEFINITIONS = (
					"DEBUG=1",
					"$(inherited)",
				);
				GCC_WARN_64_TO_32_BIT_CONVERSION = YES;
				GCC_WARN_ABOUT_RETURN_TYPE = YES_ERROR;
				GCC_WARN_UNDECLARED_SELECTOR = YES;
				GCC_WARN_UNINITIALIZED_AUTOS = YES_AGGRESSIVE;
				GCC_WARN_UNUSED_FUNCTION = YES;
				GCC_WARN_UNUSED_VARIABLE = YES;
				IPHONEOS_DEPLOYMENT_TARGET = 16.2;
				MTL_ENABLE_DEBUG_INFO = INCLUDE_SOURCE;
				MTL_FAST_MATH = YES;
				ONLY_ACTIVE_ARCH = YES;
				SDKROOT = iphoneos;
				SWIFT_ACTIVE_COMPILATION_CONDITIONS = DEBUG;
				SWIFT_OPTIMIZATION_LEVEL = "-Onone";
			};
			name = Debug;
		};
		E6061B99296EA70B0040AE36 /* Release */ = {
			isa = XCBuildConfiguration;
			buildSettings = {
				ALWAYS_SEARCH_USER_PATHS = NO;
				CLANG_ANALYZER_LOCALIZABILITY_NONLOCALIZED = YES;
				CLANG_ANALYZER_NONNULL = YES;
				CLANG_ANALYZER_NUMBER_OBJECT_CONVERSION = YES_AGGRESSIVE;
				CLANG_CXX_LANGUAGE_STANDARD = "gnu++20";
				CLANG_ENABLE_MODULES = YES;
				CLANG_ENABLE_OBJC_ARC = YES;
				CLANG_ENABLE_OBJC_WEAK = YES;
				CLANG_WARN_BLOCK_CAPTURE_AUTORELEASING = YES;
				CLANG_WARN_BOOL_CONVERSION = YES;
				CLANG_WARN_COMMA = YES;
				CLANG_WARN_CONSTANT_CONVERSION = YES;
				CLANG_WARN_DEPRECATED_OBJC_IMPLEMENTATIONS = YES;
				CLANG_WARN_DIRECT_OBJC_ISA_USAGE = YES_ERROR;
				CLANG_WARN_DOCUMENTATION_COMMENTS = YES;
				CLANG_WARN_EMPTY_BODY = YES;
				CLANG_WARN_ENUM_CONVERSION = YES;
				CLANG_WARN_INFINITE_RECURSION = YES;
				CLANG_WARN_INT_CONVERSION = YES;
				CLANG_WARN_NON_LITERAL_NULL_CONVERSION = YES;
				CLANG_WARN_OBJC_IMPLICIT_RETAIN_SELF = YES;
				CLANG_WARN_OBJC_LITERAL_CONVERSION = YES;
				CLANG_WARN_OBJC_ROOT_CLASS = YES_ERROR;
				CLANG_WARN_QUOTED_INCLUDE_IN_FRAMEWORK_HEADER = YES;
				CLANG_WARN_RANGE_LOOP_ANALYSIS = YES;
				CLANG_WARN_STRICT_PROTOTYPES = YES;
				CLANG_WARN_SUSPICIOUS_MOVE = YES;
				CLANG_WARN_UNGUARDED_AVAILABILITY = YES_AGGRESSIVE;
				CLANG_WARN_UNREACHABLE_CODE = YES;
				CLANG_WARN__DUPLICATE_METHOD_MATCH = YES;
				COPY_PHASE_STRIP = NO;
				DEBUG_INFORMATION_FORMAT = "dwarf-with-dsym";
				ENABLE_NS_ASSERTIONS = NO;
				ENABLE_STRICT_OBJC_MSGSEND = YES;
				GCC_C_LANGUAGE_STANDARD = gnu11;
				GCC_NO_COMMON_BLOCKS = YES;
				GCC_WARN_64_TO_32_BIT_CONVERSION = YES;
				GCC_WARN_ABOUT_RETURN_TYPE = YES_ERROR;
				GCC_WARN_UNDECLARED_SELECTOR = YES;
				GCC_WARN_UNINITIALIZED_AUTOS = YES_AGGRESSIVE;
				GCC_WARN_UNUSED_FUNCTION = YES;
				GCC_WARN_UNUSED_VARIABLE = YES;
				IPHONEOS_DEPLOYMENT_TARGET = 16.2;
				MTL_ENABLE_DEBUG_INFO = NO;
				MTL_FAST_MATH = YES;
				SDKROOT = iphoneos;
				SWIFT_COMPILATION_MODE = wholemodule;
				SWIFT_OPTIMIZATION_LEVEL = "-O";
				VALIDATE_PRODUCT = YES;
			};
			name = Release;
		};
		E6061B9B296EA70B0040AE36 /* Debug */ = {
			isa = XCBuildConfiguration;
			buildSettings = {
				ASSETCATALOG_COMPILER_APPICON_NAME = AppIcon;
				ASSETCATALOG_COMPILER_GLOBAL_ACCENT_COLOR_NAME = AccentColor;
				CODE_SIGN_STYLE = Automatic;
				CURRENT_PROJECT_VERSION = 1;
				DEVELOPMENT_TEAM = HQS8MXQ7B5;
				GENERATE_INFOPLIST_FILE = YES;
				INFOPLIST_FILE = Translator/Info.plist;
				INFOPLIST_KEY_UIApplicationSupportsIndirectInputEvents = YES;
				INFOPLIST_KEY_UILaunchStoryboardName = LaunchScreen;
				INFOPLIST_KEY_UIMainStoryboardFile = "";
				INFOPLIST_KEY_UISupportedInterfaceOrientations_iPad = "UIInterfaceOrientationPortrait UIInterfaceOrientationPortraitUpsideDown UIInterfaceOrientationLandscapeLeft UIInterfaceOrientationLandscapeRight";
				INFOPLIST_KEY_UISupportedInterfaceOrientations_iPhone = "UIInterfaceOrientationPortrait UIInterfaceOrientationLandscapeLeft UIInterfaceOrientationLandscapeRight";
				LD_RUNPATH_SEARCH_PATHS = (
					"$(inherited)",
					"@executable_path/Frameworks",
				);
				MARKETING_VERSION = 1.0;
				PRODUCT_BUNDLE_IDENTIFIER = kr.co.hyebin.Translator;
				PRODUCT_NAME = "$(TARGET_NAME)";
				SWIFT_EMIT_LOC_STRINGS = YES;
				SWIFT_VERSION = 5.0;
				TARGETED_DEVICE_FAMILY = "1,2";
			};
			name = Debug;
		};
		E6061B9C296EA70B0040AE36 /* Release */ = {
			isa = XCBuildConfiguration;
			buildSettings = {
				ASSETCATALOG_COMPILER_APPICON_NAME = AppIcon;
				ASSETCATALOG_COMPILER_GLOBAL_ACCENT_COLOR_NAME = AccentColor;
				CODE_SIGN_STYLE = Automatic;
				CURRENT_PROJECT_VERSION = 1;
				DEVELOPMENT_TEAM = HQS8MXQ7B5;
				GENERATE_INFOPLIST_FILE = YES;
				INFOPLIST_FILE = Translator/Info.plist;
				INFOPLIST_KEY_UIApplicationSupportsIndirectInputEvents = YES;
				INFOPLIST_KEY_UILaunchStoryboardName = LaunchScreen;
				INFOPLIST_KEY_UIMainStoryboardFile = "";
				INFOPLIST_KEY_UISupportedInterfaceOrientations_iPad = "UIInterfaceOrientationPortrait UIInterfaceOrientationPortraitUpsideDown UIInterfaceOrientationLandscapeLeft UIInterfaceOrientationLandscapeRight";
				INFOPLIST_KEY_UISupportedInterfaceOrientations_iPhone = "UIInterfaceOrientationPortrait UIInterfaceOrientationLandscapeLeft UIInterfaceOrientationLandscapeRight";
				LD_RUNPATH_SEARCH_PATHS = (
					"$(inherited)",
					"@executable_path/Frameworks",
				);
				MARKETING_VERSION = 1.0;
				PRODUCT_BUNDLE_IDENTIFIER = kr.co.hyebin.Translator;
				PRODUCT_NAME = "$(TARGET_NAME)";
				SWIFT_EMIT_LOC_STRINGS = YES;
				SWIFT_VERSION = 5.0;
				TARGETED_DEVICE_FAMILY = "1,2";
			};
			name = Release;
		};
/* End XCBuildConfiguration section */

/* Begin XCConfigurationList section */
		E6061B81296EA70A0040AE36 /* Build configuration list for PBXProject "Translator" */ = {
			isa = XCConfigurationList;
			buildConfigurations = (
				E6061B98296EA70B0040AE36 /* Debug */,
				E6061B99296EA70B0040AE36 /* Release */,
			);
			defaultConfigurationIsVisible = 0;
			defaultConfigurationName = Release;
		};
		E6061B9A296EA70B0040AE36 /* Build configuration list for PBXNativeTarget "Translator" */ = {
			isa = XCConfigurationList;
			buildConfigurations = (
				E6061B9B296EA70B0040AE36 /* Debug */,
				E6061B9C296EA70B0040AE36 /* Release */,
			);
			defaultConfigurationIsVisible = 0;
			defaultConfigurationName = Release;
		};
/* End XCConfigurationList section */

/* Begin XCRemoteSwiftPackageReference section */
		E6061BA1296EAB820040AE36 /* XCRemoteSwiftPackageReference "SnapKit" */ = {
			isa = XCRemoteSwiftPackageReference;
			repositoryURL = "https://github.com/SnapKit/SnapKit.git";
			requirement = {
				kind = upToNextMajorVersion;
				minimumVersion = 5.0.0;
			};
		};
		E6061BA4296EAB960040AE36 /* XCRemoteSwiftPackageReference "Alamofire" */ = {
			isa = XCRemoteSwiftPackageReference;
			repositoryURL = "https://github.com/Alamofire/Alamofire.git";
			requirement = {
				kind = upToNextMajorVersion;
				minimumVersion = 5.0.0;
			};
		};
/* End XCRemoteSwiftPackageReference section */

/* Begin XCSwiftPackageProductDependency section */
		E6061BA2296EAB820040AE36 /* SnapKit */ = {
			isa = XCSwiftPackageProductDependency;
			package = E6061BA1296EAB820040AE36 /* XCRemoteSwiftPackageReference "SnapKit" */;
			productName = SnapKit;
		};
		E6061BA5296EAB960040AE36 /* Alamofire */ = {
			isa = XCSwiftPackageProductDependency;
			package = E6061BA4296EAB960040AE36 /* XCRemoteSwiftPackageReference "Alamofire" */;
			productName = Alamofire;
		};
/* End XCSwiftPackageProductDependency section */
	};
	rootObject = E6061B7E296EA70A0040AE36 /* Project object */;
}
